<?xml version="1.0" encoding="utf-8"?>
<Project ToolsVersion="4.0" xmlns="http://schemas.microsoft.com/developer/msbuild/2003">
  <ItemGroup>
    <Filter Include="Source Files">
      <UniqueIdentifier>{4FC737F1-C7A5-4376-A066-2A32D752A2FF}</UniqueIdentifier>
      <Extensions>cpp;c;cc;cxx;def;odl;idl;hpj;bat;asm;asmx</Extensions>
    </Filter>
    <Filter Include="Header Files">
      <UniqueIdentifier>{93995380-89BD-4b04-88EB-625FBE52EBFB}</UniqueIdentifier>
      <Extensions>h;hpp;hxx;hm;inl;inc;xsd</Extensions>
    </Filter>
    <Filter Include="Resource Files">
      <UniqueIdentifier>{67DA6AB6-F800-4c08-8B7A-83BB121AAD01}</UniqueIdentifier>
      <Extensions>rc;ico;cur;bmp;dlg;rc2;rct;bin;rgs;gif;jpg;jpeg;jpe;resx;tiff;tif;png;wav</Extensions>
    </Filter>
  </ItemGroup>
  <ItemGroup>
    <ClCompile Include="app\glog.cpp">
      <Filter>Source Files</Filter>
    </ClCompile>
    <ClCompile Include="comm\comm.cpp">
      <Filter>Source Files</Filter>
    </ClCompile>
    <ClCompile Include="comm\comm_datetime.cpp">
      <Filter>Source Files</Filter>
    </ClCompile>
    <ClCompile Include="comm\comm_dbmanager.cpp">
      <Filter>Source Files</Filter>
    </ClCompile>
    <ClCompile Include="comm\comm_iptools.cpp">
      <Filter>Source Files</Filter>
    </ClCompile>
    <ClCompile Include="comm\comm_logmanager.cpp">
      <Filter>Source Files</Filter>
    </ClCompile>
    <ClCompile Include="comm\comm_strings.cpp">
      <Filter>Source Files</Filter>
    </ClCompile>
    <ClCompile Include="comm\comm_value.cpp">
      <Filter>Source Files</Filter>
    </ClCompile>
    <ClCompile Include="comm\conf.cpp">
      <Filter>Source Files</Filter>
    </ClCompile>
    <ClCompile Include="comm\glog.cpp">
      <Filter>Source Files</Filter>
    </ClCompile>
    <ClCompile Include="comm\HttpRpc.cpp">
      <Filter>Source Files</Filter>
    </ClCompile>
    <ClCompile Include="comm\iplib.cpp">
      <Filter>Source Files</Filter>
    </ClCompile>
    <ClCompile Include="comm\log.cpp">
      <Filter>Source Files</Filter>
    </ClCompile>
    <ClCompile Include="comm\rob_anlys_ip.cpp">
      <Filter>Source Files</Filter>
    </ClCompile>
    <ClCompile Include="comm\rob_anlys_valid.cpp">
      <Filter>Source Files</Filter>
    </ClCompile>
    <ClCompile Include="comm\rob_ics_oper.cpp">
      <Filter>Source Files</Filter>
    </ClCompile>
    <ClCompile Include="comm\rob_rule_logic.cpp">
      <Filter>Source Files</Filter>
    </ClCompile>
    <ClCompile Include="comm\src\rob_core_fliter.cpp">
      <Filter>Source Files</Filter>
    </ClCompile>
    <ClCompile Include="comm\src\rob_core_item_flow.cpp">
      <Filter>Source Files</Filter>
    </ClCompile>
    <ClCompile Include="comm\src\rob_core_item_send.cpp">
      <Filter>Source Files</Filter>
    </ClCompile>
    <ClCompile Include="comm\src\rob_core_item_trace.cpp">
      <Filter>Source Files</Filter>
    </ClCompile>
    <ClCompile Include="comm\src\rob_core_loginlogout.cpp">
      <Filter>Source Files</Filter>
    </ClCompile>
    <ClCompile Include="comm\src\rob_core_reply_auto.cpp">
      <Filter>Source Files</Filter>
    </ClCompile>
    <ClCompile Include="comm\src\test.cpp">
      <Filter>Source Files</Filter>
    </ClCompile>
    <ClCompile Include="include\result_xml\altova\AltovaException.cpp">
      <Filter>Source Files</Filter>
    </ClCompile>
    <ClCompile Include="include\result_xml\altova\SchemaTypes.cpp">
      <Filter>Source Files</Filter>
    </ClCompile>
    <ClCompile Include="include\result_xml\altova\StdAfx.cpp">
      <Filter>Source Files</Filter>
    </ClCompile>
    <ClCompile Include="include\result_xml\altova\StructInfo.cpp">
      <Filter>Source Files</Filter>
    </ClCompile>
    <ClCompile Include="include\result_xml\altova\xs-datetime.cpp">
      <Filter>Source Files</Filter>
    </ClCompile>
    <ClCompile Include="include\result_xml\altova\xs-types.cpp">
      <Filter>Source Files</Filter>
    </ClCompile>
    <ClCompile Include="include\result_xml\altovaxml\Node.cpp">
      <Filter>Source Files</Filter>
    </ClCompile>
    <ClCompile Include="include\result_xml\altovaxml\StdAfx.cpp">
      <Filter>Source Files</Filter>
    </ClCompile>
    <ClCompile Include="include\result_xml\altovaxml\XmlException.cpp">
      <Filter>Source Files</Filter>
    </ClCompile>
    <ClCompile Include="include\result_xml\sap\sap-typeinfo.cpp">
      <Filter>Source Files</Filter>
    </ClCompile>
    <ClCompile Include="include\result_xml\sap\sap.cpp">
      <Filter>Source Files</Filter>
    </ClCompile>
    <ClCompile Include="include\result_xml\sap\StdAfx.cpp">
      <Filter>Source Files</Filter>
    </ClCompile>
    <ClCompile Include="include\result_xml\saptest\sapTest.cpp">
      <Filter>Source Files</Filter>
    </ClCompile>
    <ClCompile Include="include\result_xml\saptest\StdAfx.cpp">
      <Filter>Source Files</Filter>
    </ClCompile>
    <ClCompile Include="include\xercesc\dom\impl\DOMDeepNodeListPool.c">
      <Filter>Source Files</Filter>
    </ClCompile>
    <ClCompile Include="include\xercesc\framework\psvi\XSNamedMap.c">
      <Filter>Source Files</Filter>
    </ClCompile>
    <ClCompile Include="include\xercesc\util\BaseRefVectorOf.c">
      <Filter>Source Files</Filter>
    </ClCompile>
    <ClCompile Include="include\xercesc\util\CountedPointer.c">
      <Filter>Source Files</Filter>
    </ClCompile>
    <ClCompile Include="include\xercesc\util\FlagJanitor.c">
      <Filter>Source Files</Filter>
    </ClCompile>
    <ClCompile Include="include\xercesc\util\Hash2KeysSetOf.c">
      <Filter>Source Files</Filter>
    </ClCompile>
    <ClCompile Include="include\xercesc\util\Janitor.c">
      <Filter>Source Files</Filter>
    </ClCompile>
    <ClCompile Include="include\xercesc\util\KeyRefPair.c">
      <Filter>Source Files</Filter>
    </ClCompile>
    <ClCompile Include="include\xercesc\util\KeyValuePair.c">
      <Filter>Source Files</Filter>
    </ClCompile>
    <ClCompile Include="include\xercesc\util\LogicalPath.c">
      <Filter>Source Files</Filter>
    </ClCompile>
    <ClCompile Include="include\xercesc\util\NameIdPool.c">
      <Filter>Source Files</Filter>
    </ClCompile>
    <ClCompile Include="include\xercesc\util\RefArrayOf.c">
      <Filter>Source Files</Filter>
    </ClCompile>
    <ClCompile Include="include\xercesc\util\RefArrayVectorOf.c">
      <Filter>Source Files</Filter>
    </ClCompile>
    <ClCompile Include="include\xercesc\util\RefHash2KeysTableOf.c">
      <Filter>Source Files</Filter>
    </ClCompile>
    <ClCompile Include="include\xercesc\util\RefHash3KeysIdPool.c">
      <Filter>Source Files</Filter>
    </ClCompile>
    <ClCompile Include="include\xercesc\util\RefHashTableOf.c">
      <Filter>Source Files</Filter>
    </ClCompile>
    <ClCompile Include="include\xercesc\util\RefStackOf.c">
      <Filter>Source Files</Filter>
    </ClCompile>
    <ClCompile Include="include\xercesc\util\RefVectorOf.c">
      <Filter>Source Files</Filter>
    </ClCompile>
    <ClCompile Include="include\xercesc\util\TransENameMap.c">
      <Filter>Source Files</Filter>
    </ClCompile>
    <ClCompile Include="include\xercesc\util\ValueArrayOf.c">
      <Filter>Source Files</Filter>
    </ClCompile>
    <ClCompile Include="include\xercesc\util\ValueHashTableOf.c">
      <Filter>Source Files</Filter>
    </ClCompile>
    <ClCompile Include="include\xercesc\util\ValueStackOf.c">
      <Filter>Source Files</Filter>
    </ClCompile>
    <ClCompile Include="include\xercesc\util\ValueVectorOf.c">
      <Filter>Source Files</Filter>
    </ClCompile>
    <ClCompile Include="rule\rule_flow.cpp">
      <Filter>Source Files</Filter>
    </ClCompile>
  </ItemGroup>
  <ItemGroup>
    <ClInclude Include="app\glog.h">
      <Filter>Header Files</Filter>
    </ClInclude>
    <ClInclude Include="comm\comm.h">
      <Filter>Header Files</Filter>
    </ClInclude>
    <ClInclude Include="comm\comm_datetime.h">
      <Filter>Header Files</Filter>
    </ClInclude>
    <ClInclude Include="comm\comm_dbmanager.h">
      <Filter>Header Files</Filter>
    </ClInclude>
    <ClInclude Include="comm\comm_iptools.h">
      <Filter>Header Files</Filter>
    </ClInclude>
    <ClInclude Include="comm\comm_logmanager.h">
      <Filter>Header Files</Filter>
    </ClInclude>
    <ClInclude Include="comm\comm_strings.h">
      <Filter>Header Files</Filter>
    </ClInclude>
    <ClInclude Include="comm\comm_value.h">
      <Filter>Header Files</Filter>
    </ClInclude>
    <ClInclude Include="comm\conf.h">
      <Filter>Header Files</Filter>
    </ClInclude>
    <ClInclude Include="comm\glog.h">
      <Filter>Header Files</Filter>
    </ClInclude>
    <ClInclude Include="comm\HttpRpc.h">
      <Filter>Header Files</Filter>
    </ClInclude>
    <ClInclude Include="comm\iplib.h">
      <Filter>Header Files</Filter>
    </ClInclude>
    <ClInclude Include="comm\log.h">
      <Filter>Header Files</Filter>
    </ClInclude>
    <ClInclude Include="comm\msg.h">
      <Filter>Header Files</Filter>
    </ClInclude>
    <ClInclude Include="comm\NDS_config.h">
      <Filter>Header Files</Filter>
    </ClInclude>
    <ClInclude Include="comm\NDS_exception.h">
      <Filter>Header Files</Filter>
    </ClInclude>
    <ClInclude Include="comm\NDS_trim.h">
      <Filter>Header Files</Filter>
    </ClInclude>
    <ClInclude Include="comm\rob_anlys_ip.h">
      <Filter>Header Files</Filter>
    </ClInclude>
    <ClInclude Include="comm\rob_anlys_valid.h">
      <Filter>Header Files</Filter>
    </ClInclude>
    <ClInclude Include="comm\rob_ics_oper.h">
      <Filter>Header Files</Filter>
    </ClInclude>
    <ClInclude Include="comm\rob_rule_logic.h">
      <Filter>Header Files</Filter>
    </ClInclude>
    <ClInclude Include="include\comm.h">
      <Filter>Header Files</Filter>
    </ClInclude>
    <ClInclude Include="include\comm_datetime.h">
      <Filter>Header Files</Filter>
    </ClInclude>
    <ClInclude Include="include\comm_dbmanager.h">
      <Filter>Header Files</Filter>
    </ClInclude>
    <ClInclude Include="include\comm_iptools.h">
      <Filter>Header Files</Filter>
    </ClInclude>
    <ClInclude Include="include\comm_logmanager.h">
      <Filter>Header Files</Filter>
    </ClInclude>
    <ClInclude Include="include\comm_strings.h">
      <Filter>Header Files</Filter>
    </ClInclude>
    <ClInclude Include="include\comm_value.h">
      <Filter>Header Files</Filter>
    </ClInclude>
    <ClInclude Include="include\conf.h">
      <Filter>Header Files</Filter>
    </ClInclude>
    <ClInclude Include="include\glog.h">
      <Filter>Header Files</Filter>
    </ClInclude>
    <ClInclude Include="include\Html.h">
      <Filter>Header Files</Filter>
    </ClInclude>
    <ClInclude Include="include\HtmlOpt.h">
      <Filter>Header Files</Filter>
    </ClInclude>
    <ClInclude Include="include\iplib.h">
      <Filter>Header Files</Filter>
    </ClInclude>
    <ClInclude Include="include\log.h">
      <Filter>Header Files</Filter>
    </ClInclude>
    <ClInclude Include="include\msg.h">
      <Filter>Header Files</Filter>
    </ClInclude>
    <ClInclude Include="include\NDS_config.h">
      <Filter>Header Files</Filter>
    </ClInclude>
    <ClInclude Include="include\NDS_exception.h">
      <Filter>Header Files</Filter>
    </ClInclude>
    <ClInclude Include="include\NDS_trim.h">
      <Filter>Header Files</Filter>
    </ClInclude>
    <ClInclude Include="include\rob_anlys_ip.h">
      <Filter>Header Files</Filter>
    </ClInclude>
    <ClInclude Include="include\rob_anlys_valid.h">
      <Filter>Header Files</Filter>
    </ClInclude>
    <ClInclude Include="include\rob_ics_oper.h">
      <Filter>Header Files</Filter>
    </ClInclude>
    <ClInclude Include="include\rob_rule_logic.h">
      <Filter>Header Files</Filter>
    </ClInclude>
    <ClInclude Include="include\WSInterface.h">
      <Filter>Header Files</Filter>
    </ClInclude>
    <ClInclude Include="include\curl\curl.h">
      <Filter>Header Files</Filter>
    </ClInclude>
    <ClInclude Include="include\curl\curlbuild.h">
      <Filter>Header Files</Filter>
    </ClInclude>
    <ClInclude Include="include\curl\curlrules.h">
      <Filter>Header Files</Filter>
    </ClInclude>
    <ClInclude Include="include\curl\curlver.h">
      <Filter>Header Files</Filter>
    </ClInclude>
    <ClInclude Include="include\curl\easy.h">
      <Filter>Header Files</Filter>
    </ClInclude>
    <ClInclude Include="include\curl\mprintf.h">
      <Filter>Header Files</Filter>
    </ClInclude>
    <ClInclude Include="include\curl\multi.h">
      <Filter>Header Files</Filter>
    </ClInclude>
    <ClInclude Include="include\curl\stdcheaders.h">
      <Filter>Header Files</Filter>
    </ClInclude>
    <ClInclude Include="include\curl\typecheck-gcc.h">
      <Filter>Header Files</Filter>
    </ClInclude>
    <ClInclude Include="include\curl\types.h">
      <Filter>Header Files</Filter>
    </ClInclude>
    <ClInclude Include="include\libxml2\libxml\c14n.h">
      <Filter>Header Files</Filter>
    </ClInclude>
    <ClInclude Include="include\libxml2\libxml\catalog.h">
      <Filter>Header Files</Filter>
    </ClInclude>
    <ClInclude Include="include\libxml2\libxml\chvalid.h">
      <Filter>Header Files</Filter>
    </ClInclude>
    <ClInclude Include="include\libxml2\libxml\debugXML.h">
      <Filter>Header Files</Filter>
    </ClInclude>
    <ClInclude Include="include\libxml2\libxml\dict.h">
      <Filter>Header Files</Filter>
    </ClInclude>
    <ClInclude Include="include\libxml2\libxml\DOCBparser.h">
      <Filter>Header Files</Filter>
    </ClInclude>
    <ClInclude Include="include\libxml2\libxml\encoding.h">
      <Filter>Header Files</Filter>
    </ClInclude>
    <ClInclude Include="include\libxml2\libxml\entities.h">
      <Filter>Header Files</Filter>
    </ClInclude>
    <ClInclude Include="include\libxml2\libxml\globals.h">
      <Filter>Header Files</Filter>
    </ClInclude>
    <ClInclude Include="include\libxml2\libxml\hash.h">
      <Filter>Header Files</Filter>
    </ClInclude>
    <ClInclude Include="include\libxml2\libxml\HTMLparser.h">
      <Filter>Header Files</Filter>
    </ClInclude>
    <ClInclude Include="include\libxml2\libxml\HTMLtree.h">
      <Filter>Header Files</Filter>
    </ClInclude>
    <ClInclude Include="include\libxml2\libxml\list.h">
      <Filter>Header Files</Filter>
    </ClInclude>
    <ClInclude Include="include\libxml2\libxml\nanoftp.h">
      <Filter>Header Files</Filter>
    </ClInclude>
    <ClInclude Include="include\libxml2\libxml\nanohttp.h">
      <Filter>Header Files</Filter>
    </ClInclude>
    <ClInclude Include="include\libxml2\libxml\parser.h">
      <Filter>Header Files</Filter>
    </ClInclude>
    <ClInclude Include="include\libxml2\libxml\parserInternals.h">
      <Filter>Header Files</Filter>
    </ClInclude>
    <ClInclude Include="include\libxml2\libxml\pattern.h">
      <Filter>Header Files</Filter>
    </ClInclude>
    <ClInclude Include="include\libxml2\libxml\relaxng.h">
      <Filter>Header Files</Filter>
    </ClInclude>
    <ClInclude Include="include\libxml2\libxml\SAX.h">
      <Filter>Header Files</Filter>
    </ClInclude>
    <ClInclude Include="include\libxml2\libxml\SAX2.h">
      <Filter>Header Files</Filter>
    </ClInclude>
    <ClInclude Include="include\libxml2\libxml\schemasInternals.h">
      <Filter>Header Files</Filter>
    </ClInclude>
    <ClInclude Include="include\libxml2\libxml\schematron.h">
      <Filter>Header Files</Filter>
    </ClInclude>
    <ClInclude Include="include\libxml2\libxml\threads.h">
      <Filter>Header Files</Filter>
    </ClInclude>
    <ClInclude Include="include\libxml2\libxml\tree.h">
      <Filter>Header Files</Filter>
    </ClInclude>
    <ClInclude Include="include\libxml2\libxml\uri.h">
      <Filter>Header Files</Filter>
    </ClInclude>
    <ClInclude Include="include\libxml2\libxml\valid.h">
      <Filter>Header Files</Filter>
    </ClInclude>
    <ClInclude Include="include\libxml2\libxml\xinclude.h">
      <Filter>Header Files</Filter>
    </ClInclude>
    <ClInclude Include="include\libxml2\libxml\xlink.h">
      <Filter>Header Files</Filter>
    </ClInclude>
    <ClInclude Include="include\libxml2\libxml\xmlautomata.h">
      <Filter>Header Files</Filter>
    </ClInclude>
    <ClInclude Include="include\libxml2\libxml\xmlerror.h">
      <Filter>Header Files</Filter>
    </ClInclude>
    <ClInclude Include="include\libxml2\libxml\xmlexports.h">
      <Filter>Header Files</Filter>
    </ClInclude>
    <ClInclude Include="include\libxml2\libxml\xmlIO.h">
      <Filter>Header Files</Filter>
    </ClInclude>
    <ClInclude Include="include\libxml2\libxml\xmlmemory.h">
      <Filter>Header Files</Filter>
    </ClInclude>
    <ClInclude Include="include\libxml2\libxml\xmlmodule.h">
      <Filter>Header Files</Filter>
    </ClInclude>
    <ClInclude Include="include\libxml2\libxml\xmlreader.h">
      <Filter>Header Files</Filter>
    </ClInclude>
    <ClInclude Include="include\libxml2\libxml\xmlregexp.h">
      <Filter>Header Files</Filter>
    </ClInclude>
    <ClInclude Include="include\libxml2\libxml\xmlsave.h">
      <Filter>Header Files</Filter>
    </ClInclude>
    <ClInclude Include="include\libxml2\libxml\xmlschemas.h">
      <Filter>Header Files</Filter>
    </ClInclude>
    <ClInclude Include="include\libxml2\libxml\xmlschemastypes.h">
      <Filter>Header Files</Filter>
    </ClInclude>
    <ClInclude Include="include\libxml2\libxml\xmlstring.h">
      <Filter>Header Files</Filter>
    </ClInclude>
    <ClInclude Include="include\libxml2\libxml\xmlunicode.h">
      <Filter>Header Files</Filter>
    </ClInclude>
    <ClInclude Include="include\libxml2\libxml\xmlversion.h">
      <Filter>Header Files</Filter>
    </ClInclude>
    <ClInclude Include="include\libxml2\libxml\xmlwriter.h">
      <Filter>Header Files</Filter>
    </ClInclude>
    <ClInclude Include="include\libxml2\libxml\xpath.h">
      <Filter>Header Files</Filter>
    </ClInclude>
    <ClInclude Include="include\libxml2\libxml\xpathInternals.h">
      <Filter>Header Files</Filter>
    </ClInclude>
    <ClInclude Include="include\libxml2\libxml\xpointer.h">
      <Filter>Header Files</Filter>
    </ClInclude>
    <ClInclude Include="include\network\error_handler.h">
      <Filter>Header Files</Filter>
    </ClInclude>
    <ClInclude Include="include\network\inet_addr.h">
      <Filter>Header Files</Filter>
    </ClInclude>
    <ClInclude Include="include\network\non_copyable.h">
      <Filter>Header Files</Filter>
    </ClInclude>
    <ClInclude Include="include\network\oss_exception.h">
      <Filter>Header Files</Filter>
    </ClInclude>
    <ClInclude Include="include\network\socket.h">
      <Filter>Header Files</Filter>
    </ClInclude>
    <ClInclude Include="include\network\string_tools.h">
      <Filter>Header Files</Filter>
    </ClInclude>
    <ClInclude Include="include\network\tcp_acceptor.h">
      <Filter>Header Files</Filter>
    </ClInclude>
    <ClInclude Include="include\network\tcp_connector.h">
      <Filter>Header Files</Filter>
    </ClInclude>
    <ClInclude Include="include\network\tcp_stream.h">
      <Filter>Header Files</Filter>
    </ClInclude>
    <ClInclude Include="include\network\udp_dgram.h">
      <Filter>Header Files</Filter>
    </ClInclude>
    <ClInclude Include="include\result_xml\altova\Altova.h">
      <Filter>Header Files</Filter>
    </ClInclude>
    <ClInclude Include="include\result_xml\altova\AltovaDefs.h">
      <Filter>Header Files</Filter>
    </ClInclude>
    <ClInclude Include="include\result_xml\altova\AltovaException.h">
      <Filter>Header Files</Filter>
    </ClInclude>
    <ClInclude Include="include\result_xml\altova\exception.h">
      <Filter>Header Files</Filter>
    </ClInclude>
    <ClInclude Include="include\result_xml\altova\SchemaTypes.h">
      <Filter>Header Files</Filter>
    </ClInclude>
    <ClInclude Include="include\result_xml\altova\StdAfx.h">
      <Filter>Header Files</Filter>
    </ClInclude>
    <ClInclude Include="include\result_xml\altova\StructInfo.h">
      <Filter>Header Files</Filter>
    </ClInclude>
    <ClInclude Include="include\result_xml\altova\xs-datetime.h">
      <Filter>Header Files</Filter>
    </ClInclude>
    <ClInclude Include="include\result_xml\altova\xs-types.h">
      <Filter>Header Files</Filter>
    </ClInclude>
    <ClInclude Include="include\result_xml\altovaxml\AltovaXMLAPI.h">
      <Filter>Header Files</Filter>
    </ClInclude>
    <ClInclude Include="include\result_xml\altovaxml\Node.h">
      <Filter>Header Files</Filter>
    </ClInclude>
    <ClInclude Include="include\result_xml\altovaxml\StdAfx.h">
      <Filter>Header Files</Filter>
    </ClInclude>
    <ClInclude Include="include\result_xml\altovaxml\XercesString.h">
      <Filter>Header Files</Filter>
    </ClInclude>
    <ClInclude Include="include\result_xml\altovaxml\XmlException.h">
      <Filter>Header Files</Filter>
    </ClInclude>
    <ClInclude Include="include\result_xml\sap\sap-typeinfo.h">
      <Filter>Header Files</Filter>
    </ClInclude>
    <ClInclude Include="include\result_xml\sap\sap.h">
      <Filter>Header Files</Filter>
    </ClInclude>
    <ClInclude Include="include\result_xml\sap\StdAfx.h">
      <Filter>Header Files</Filter>
    </ClInclude>
    <ClInclude Include="include\result_xml\sap\type_.CdataheadType.h">
      <Filter>Header Files</Filter>
    </ClInclude>
    <ClInclude Include="include\result_xml\sap\type_.CerrcodeType.h">
      <Filter>Header Files</Filter>
    </ClInclude>
    <ClInclude Include="include\result_xml\sap\type_.CfieldType.h">
      <Filter>Header Files</Filter>
    </ClInclude>
    <ClInclude Include="include\result_xml\sap\type_.CitemsType.h">
      <Filter>Header Files</Filter>
    </ClInclude>
    <ClInclude Include="include\result_xml\sap\type_.CresultsetType.h">
      <Filter>Header Files</Filter>
    </ClInclude>
    <ClInclude Include="include\result_xml\sap\type_.CresultType.h">
      <Filter>Header Files</Filter>
    </ClInclude>
    <ClInclude Include="include\result_xml\sap\type_.Csap.h">
      <Filter>Header Files</Filter>
    </ClInclude>
    <ClInclude Include="include\result_xml\sap\type_.CsaprootType.h">
      <Filter>Header Files</Filter>
    </ClInclude>
    <ClInclude Include="include\result_xml\sap\type_xs.CanySimpleType.h">
      <Filter>Header Files</Filter>
    </ClInclude>
    <ClInclude Include="include\result_xml\sap\type_xs.CanyType.h">
      <Filter>Header Files</Filter>
    </ClInclude>
    <ClInclude Include="include\result_xml\sap\type_xs.CanyURI.h">
      <Filter>Header Files</Filter>
    </ClInclude>
    <ClInclude Include="include\result_xml\sap\type_xs.Cbase64Binary.h">
      <Filter>Header Files</Filter>
    </ClInclude>
    <ClInclude Include="include\result_xml\sap\type_xs.Cboolean.h">
      <Filter>Header Files</Filter>
    </ClInclude>
    <ClInclude Include="include\result_xml\sap\type_xs.Cbyte.h">
      <Filter>Header Files</Filter>
    </ClInclude>
    <ClInclude Include="include\result_xml\sap\type_xs.Cdate.h">
      <Filter>Header Files</Filter>
    </ClInclude>
    <ClInclude Include="include\result_xml\sap\type_xs.CdateTime.h">
      <Filter>Header Files</Filter>
    </ClInclude>
    <ClInclude Include="include\result_xml\sap\type_xs.Cdecimal.h">
      <Filter>Header Files</Filter>
    </ClInclude>
    <ClInclude Include="include\result_xml\sap\type_xs.Cdouble.h">
      <Filter>Header Files</Filter>
    </ClInclude>
    <ClInclude Include="include\result_xml\sap\type_xs.Cduration.h">
      <Filter>Header Files</Filter>
    </ClInclude>
    <ClInclude Include="include\result_xml\sap\type_xs.CENTITIES.h">
      <Filter>Header Files</Filter>
    </ClInclude>
    <ClInclude Include="include\result_xml\sap\type_xs.CENTITY.h">
      <Filter>Header Files</Filter>
    </ClInclude>
    <ClInclude Include="include\result_xml\sap\type_xs.Cfloat.h">
      <Filter>Header Files</Filter>
    </ClInclude>
    <ClInclude Include="include\result_xml\sap\type_xs.CgDay.h">
      <Filter>Header Files</Filter>
    </ClInclude>
    <ClInclude Include="include\result_xml\sap\type_xs.CgMonth.h">
      <Filter>Header Files</Filter>
    </ClInclude>
    <ClInclude Include="include\result_xml\sap\type_xs.CgMonthDay.h">
      <Filter>Header Files</Filter>
    </ClInclude>
    <ClInclude Include="include\result_xml\sap\type_xs.CgYear.h">
      <Filter>Header Files</Filter>
    </ClInclude>
    <ClInclude Include="include\result_xml\sap\type_xs.CgYearMonth.h">
      <Filter>Header Files</Filter>
    </ClInclude>
    <ClInclude Include="include\result_xml\sap\type_xs.ChexBinary.h">
      <Filter>Header Files</Filter>
    </ClInclude>
    <ClInclude Include="include\result_xml\sap\type_xs.CID.h">
      <Filter>Header Files</Filter>
    </ClInclude>
    <ClInclude Include="include\result_xml\sap\type_xs.CIDREF.h">
      <Filter>Header Files</Filter>
    </ClInclude>
    <ClInclude Include="include\result_xml\sap\type_xs.CIDREFS.h">
      <Filter>Header Files</Filter>
    </ClInclude>
    <ClInclude Include="include\result_xml\sap\type_xs.Cint.h">
      <Filter>Header Files</Filter>
    </ClInclude>
    <ClInclude Include="include\result_xml\sap\type_xs.Cinteger.h">
      <Filter>Header Files</Filter>
    </ClInclude>
    <ClInclude Include="include\result_xml\sap\type_xs.CintType.h">
      <Filter>Header Files</Filter>
    </ClInclude>
    <ClInclude Include="include\result_xml\sap\type_xs.Clanguage.h">
      <Filter>Header Files</Filter>
    </ClInclude>
    <ClInclude Include="include\result_xml\sap\type_xs.Clong.h">
      <Filter>Header Files</Filter>
    </ClInclude>
    <ClInclude Include="include\result_xml\sap\type_xs.CName.h">
      <Filter>Header Files</Filter>
    </ClInclude>
    <ClInclude Include="include\result_xml\sap\type_xs.CNCName.h">
      <Filter>Header Files</Filter>
    </ClInclude>
    <ClInclude Include="include\result_xml\sap\type_xs.CnegativeInteger.h">
      <Filter>Header Files</Filter>
    </ClInclude>
    <ClInclude Include="include\result_xml\sap\type_xs.CNMTOKEN.h">
      <Filter>Header Files</Filter>
    </ClInclude>
    <ClInclude Include="include\result_xml\sap\type_xs.CNMTOKENS.h">
      <Filter>Header Files</Filter>
    </ClInclude>
    <ClInclude Include="include\result_xml\sap\type_xs.CnonNegativeInteger.h">
      <Filter>Header Files</Filter>
    </ClInclude>
    <ClInclude Include="include\result_xml\sap\type_xs.CnonPositiveInteger.h">
      <Filter>Header Files</Filter>
    </ClInclude>
    <ClInclude Include="include\result_xml\sap\type_xs.CnormalizedString.h">
      <Filter>Header Files</Filter>
    </ClInclude>
    <ClInclude Include="include\result_xml\sap\type_xs.CNOTATION.h">
      <Filter>Header Files</Filter>
    </ClInclude>
    <ClInclude Include="include\result_xml\sap\type_xs.CpositiveInteger.h">
      <Filter>Header Files</Filter>
    </ClInclude>
    <ClInclude Include="include\result_xml\sap\type_xs.CQName.h">
      <Filter>Header Files</Filter>
    </ClInclude>
    <ClInclude Include="include\result_xml\sap\type_xs.Cshort.h">
      <Filter>Header Files</Filter>
    </ClInclude>
    <ClInclude Include="include\result_xml\sap\type_xs.Cstring.h">
      <Filter>Header Files</Filter>
    </ClInclude>
    <ClInclude Include="include\result_xml\sap\type_xs.CstringType.h">
      <Filter>Header Files</Filter>
    </ClInclude>
    <ClInclude Include="include\result_xml\sap\type_xs.Ctime.h">
      <Filter>Header Files</Filter>
    </ClInclude>
    <ClInclude Include="include\result_xml\sap\type_xs.Ctoken.h">
      <Filter>Header Files</Filter>
    </ClInclude>
    <ClInclude Include="include\result_xml\sap\type_xs.CunsignedByte.h">
      <Filter>Header Files</Filter>
    </ClInclude>
    <ClInclude Include="include\result_xml\sap\type_xs.CunsignedInt.h">
      <Filter>Header Files</Filter>
    </ClInclude>
    <ClInclude Include="include\result_xml\sap\type_xs.CunsignedLong.h">
      <Filter>Header Files</Filter>
    </ClInclude>
    <ClInclude Include="include\result_xml\sap\type_xs.CunsignedShort.h">
      <Filter>Header Files</Filter>
    </ClInclude>
    <ClInclude Include="include\result_xml\saptest\Resource.h">
      <Filter>Header Files</Filter>
    </ClInclude>
    <ClInclude Include="include\result_xml\saptest\sapTest.h">
      <Filter>Header Files</Filter>
    </ClInclude>
    <ClInclude Include="include\result_xml\saptest\StdAfx.h">
      <Filter>Header Files</Filter>
    </ClInclude>
    <ClInclude Include="include\tlog\comm\comm.h">
      <Filter>Header Files</Filter>
    </ClInclude>
    <ClInclude Include="include\tlog\comm\shtable.h">
      <Filter>Header Files</Filter>
    </ClInclude>
    <ClInclude Include="include\tlog\comm\shtable_shm.h">
      <Filter>Header Files</Filter>
    </ClInclude>
    <ClInclude Include="include\tlog\comm\swaitque.h">
      <Filter>Header Files</Filter>
    </ClInclude>
    <ClInclude Include="include\tlog\comm\tconvert.h">
      <Filter>Header Files</Filter>
    </ClInclude>
    <ClInclude Include="include\tlog\comm\terr.h">
      <Filter>Header Files</Filter>
    </ClInclude>
    <ClInclude Include="include\tlog\comm\terrimpl.h">
      <Filter>Header Files</Filter>
    </ClInclude>
    <ClInclude Include="include\tlog\comm\tini.h">
      <Filter>Header Files</Filter>
    </ClInclude>
    <ClInclude Include="include\tlog\comm\tlist.h">
      <Filter>Header Files</Filter>
    </ClInclude>
    <ClInclude Include="include\tlog\comm\tmempool.h">
      <Filter>Header Files</Filter>
    </ClInclude>
    <ClInclude Include="include\tlog\comm\tmempool_shm.h">
      <Filter>Header Files</Filter>
    </ClInclude>
    <ClInclude Include="include\tlog\comm\tmodid.h">
      <Filter>Header Files</Filter>
    </ClInclude>
    <ClInclude Include="include\tlog\comm\tparser.h">
      <Filter>Header Files</Filter>
    </ClInclude>
    <ClInclude Include="include\tlog\comm\ttimer.h">
      <Filter>Header Files</Filter>
    </ClInclude>
    <ClInclude Include="include\tlog\pal\err.h">
      <Filter>Header Files</Filter>
    </ClInclude>
    <ClInclude Include="include\tlog\pal\getopt.h">
      <Filter>Header Files</Filter>
    </ClInclude>
    <ClInclude Include="include\tlog\pal\pal.h">
      <Filter>Header Files</Filter>
    </ClInclude>
    <ClInclude Include="include\tlog\pal\pcreposix.h">
      <Filter>Header Files</Filter>
    </ClInclude>
    <ClInclude Include="include\tlog\pal\queue.h">
      <Filter>Header Files</Filter>
    </ClInclude>
    <ClInclude Include="include\tlog\pal\siginfo.h">
      <Filter>Header Files</Filter>
    </ClInclude>
    <ClInclude Include="include\tlog\pal\tapi_external.h">
      <Filter>Header Files</Filter>
    </ClInclude>
    <ClInclude Include="include\tlog\pal\tdir.h">
      <Filter>Header Files</Filter>
    </ClInclude>
    <ClInclude Include="include\tlog\pal\tdirent.h">
      <Filter>Header Files</Filter>
    </ClInclude>
    <ClInclude Include="include\tlog\pal\tdlfcn.h">
      <Filter>Header Files</Filter>
    </ClInclude>
    <ClInclude Include="include\tlog\pal\terrno.h">
      <Filter>Header Files</Filter>
    </ClInclude>
    <ClInclude Include="include\tlog\pal\texec.h">
      <Filter>Header Files</Filter>
    </ClInclude>
    <ClInclude Include="include\tlog\pal\tfcntl.h">
      <Filter>Header Files</Filter>
    </ClInclude>
    <ClInclude Include="include\tlog\pal\tfile.h">
      <Filter>Header Files</Filter>
    </ClInclude>
    <ClInclude Include="include\tlog\pal\tfork.h">
      <Filter>Header Files</Filter>
    </ClInclude>
    <ClInclude Include="include\tlog\pal\tinet.h">
      <Filter>Header Files</Filter>
    </ClInclude>
    <ClInclude Include="include\tlog\pal\tipc.h">
      <Filter>Header Files</Filter>
    </ClInclude>
    <ClInclude Include="include\tlog\pal\tlock.h">
      <Filter>Header Files</Filter>
    </ClInclude>
    <ClInclude Include="include\tlog\pal\tmmap.h">
      <Filter>Header Files</Filter>
    </ClInclude>
    <ClInclude Include="include\tlog\pal\tmsgque.h">
      <Filter>Header Files</Filter>
    </ClInclude>
    <ClInclude Include="include\tlog\pal\tmutex.h">
      <Filter>Header Files</Filter>
    </ClInclude>
    <ClInclude Include="include\tlog\pal\tnet.h">
      <Filter>Header Files</Filter>
    </ClInclude>
    <ClInclude Include="include\tlog\pal\tos.h">
      <Filter>Header Files</Filter>
    </ClInclude>
    <ClInclude Include="include\tlog\pal\tpoll.h">
      <Filter>Header Files</Filter>
    </ClInclude>
    <ClInclude Include="include\tlog\pal\tree.h">
      <Filter>Header Files</Filter>
    </ClInclude>
    <ClInclude Include="include\tlog\pal\tresource.h">
      <Filter>Header Files</Filter>
    </ClInclude>
    <ClInclude Include="include\tlog\pal\trules.h">
      <Filter>Header Files</Filter>
    </ClInclude>
    <ClInclude Include="include\tlog\pal\tsafecode.h">
      <Filter>Header Files</Filter>
    </ClInclude>
    <ClInclude Include="include\tlog\pal\tsched.h">
      <Filter>Header Files</Filter>
    </ClInclude>
    <ClInclude Include="include\tlog\pal\tsem.h">
      <Filter>Header Files</Filter>
    </ClInclude>
    <ClInclude Include="include\tlog\pal\tsemaphore.h">
      <Filter>Header Files</Filter>
    </ClInclude>
    <ClInclude Include="include\tlog\pal\tshm.h">
      <Filter>Header Files</Filter>
    </ClInclude>
    <ClInclude Include="include\tlog\pal\tsignal.h">
      <Filter>Header Files</Filter>
    </ClInclude>
    <ClInclude Include="include\tlog\pal\tsocket.h">
      <Filter>Header Files</Filter>
    </ClInclude>
    <ClInclude Include="include\tlog\pal\tstdio.h">
      <Filter>Header Files</Filter>
    </ClInclude>
    <ClInclude Include="include\tlog\pal\tstdlib.h">
      <Filter>Header Files</Filter>
    </ClInclude>
    <ClInclude Include="include\tlog\pal\tstring.h">
      <Filter>Header Files</Filter>
    </ClInclude>
    <ClInclude Include="include\tlog\pal\tthread.h">
      <Filter>Header Files</Filter>
    </ClInclude>
    <ClInclude Include="include\tlog\pal\ttime.h">
      <Filter>Header Files</Filter>
    </ClInclude>
    <ClInclude Include="include\tlog\pal\ttypes.h">
      <Filter>Header Files</Filter>
    </ClInclude>
    <ClInclude Include="include\tlog\pal\tuio.h">
      <Filter>Header Files</Filter>
    </ClInclude>
    <ClInclude Include="include\tlog\pal\twait.h">
      <Filter>Header Files</Filter>
    </ClInclude>
    <ClInclude Include="include\tlog\taa\tagentapi.h">
      <Filter>Header Files</Filter>
    </ClInclude>
    <ClInclude Include="include\tlog\tapp\tapp.h">
      <Filter>Header Files</Filter>
    </ClInclude>
    <ClInclude Include="include\tlog\tapp\tappctrlapi.h">
      <Filter>Header Files</Filter>
    </ClInclude>
    <ClInclude Include="include\tlog\tapp\tapp_def.h">
      <Filter>Header Files</Filter>
    </ClInclude>
    <ClInclude Include="include\tlog\tapp\tapp_error.h">
      <Filter>Header Files</Filter>
    </ClInclude>
    <ClInclude Include="include\tlog\tbus\tbus.h">
      <Filter>Header Files</Filter>
    </ClInclude>
    <ClInclude Include="include\tlog\tbus\tbus_error.h">
      <Filter>Header Files</Filter>
    </ClInclude>
    <ClInclude Include="include\tlog\tbus\tbus_macros.h">
      <Filter>Header Files</Filter>
    </ClInclude>
    <ClInclude Include="include\tlog\tdr\tdr.h">
      <Filter>Header Files</Filter>
    </ClInclude>
    <ClInclude Include="include\tlog\tdr\tdr_ctypes_info.h">
      <Filter>Header Files</Filter>
    </ClInclude>
    <ClInclude Include="include\tlog\tdr\tdr_data_io.h">
      <Filter>Header Files</Filter>
    </ClInclude>
    <ClInclude Include="include\tlog\tdr\tdr_data_sort.h">
      <Filter>Header Files</Filter>
    </ClInclude>
    <ClInclude Include="include\tlog\tdr\tdr_define.h">
      <Filter>Header Files</Filter>
    </ClInclude>
    <ClInclude Include="include\tlog\tdr\tdr_error.h">
      <Filter>Header Files</Filter>
    </ClInclude>
    <ClInclude Include="include\tlog\tdr\tdr_external.h">
      <Filter>Header Files</Filter>
    </ClInclude>
    <ClInclude Include="include\tlog\tdr\tdr_metalib_init.h">
      <Filter>Header Files</Filter>
    </ClInclude>
    <ClInclude Include="include\tlog\tdr\tdr_metalib_manage.h">
      <Filter>Header Files</Filter>
    </ClInclude>
    <ClInclude Include="include\tlog\tdr\tdr_metalib_to_hpp.h">
      <Filter>Header Files</Filter>
    </ClInclude>
    <ClInclude Include="include\tlog\tdr\tdr_meta_entries_index.h">
      <Filter>Header Files</Filter>
    </ClInclude>
    <ClInclude Include="include\tlog\tdr\tdr_net.h">
      <Filter>Header Files</Filter>
    </ClInclude>
    <ClInclude Include="include\tlog\tdr\tdr_operate_data.h">
      <Filter>Header Files</Filter>
    </ClInclude>
    <ClInclude Include="include\tlog\tdr\tdr_sql.h">
      <Filter>Header Files</Filter>
    </ClInclude>
    <ClInclude Include="include\tlog\tdr\tdr_types.h">
      <Filter>Header Files</Filter>
    </ClInclude>
    <ClInclude Include="include\tlog\tdr\tdr_XMLMetaLib.h">
      <Filter>Header Files</Filter>
    </ClInclude>
    <ClInclude Include="include\tlog\tdr\tdr_XMLtags.h">
      <Filter>Header Files</Filter>
    </ClInclude>
    <ClInclude Include="include\tlog\tlog\tlog.h">
      <Filter>Header Files</Filter>
    </ClInclude>
    <ClInclude Include="include\tlog\tlog\tlogerr.h">
      <Filter>Header Files</Filter>
    </ClInclude>
    <ClInclude Include="include\tlog\tlog\tlogio.h">
      <Filter>Header Files</Filter>
    </ClInclude>
    <ClInclude Include="include\tlog\tlog\tlognet.h">
      <Filter>Header Files</Filter>
    </ClInclude>
    <ClInclude Include="include\tlog\tlog\tlognetdef.h">
      <Filter>Header Files</Filter>
    </ClInclude>
    <ClInclude Include="include\tlog\tlog\tlog_bill.h">
      <Filter>Header Files</Filter>
    </ClInclude>
    <ClInclude Include="include\tlog\tlog\tlog_category.h">
      <Filter>Header Files</Filter>
    </ClInclude>
    <ClInclude Include="include\tlog\tlog\tlog_event.h">
      <Filter>Header Files</Filter>
    </ClInclude>
    <ClInclude Include="include\tlog\tlog\tlog_loc_info.h">
      <Filter>Header Files</Filter>
    </ClInclude>
    <ClInclude Include="include\tlog\tlog\tlog_priority_def.h">
      <Filter>Header Files</Filter>
    </ClInclude>
    <ClInclude Include="include\tlog\tloghelp\tlogload.h">
      <Filter>Header Files</Filter>
    </ClInclude>
    <ClInclude Include="include\tlog\tmng\tmetabase.h">
      <Filter>Header Files</Filter>
    </ClInclude>
    <ClInclude Include="include\tlog\tmng\tmib.h">
      <Filter>Header Files</Filter>
    </ClInclude>
    <ClInclude Include="include\tlog\tmng\tmng.h">
      <Filter>Header Files</Filter>
    </ClInclude>
    <ClInclude Include="include\tlog\tmng\tsm_tdr.h">
      <Filter>Header Files</Filter>
    </ClInclude>
    <ClInclude Include="include\tlog\tmng\tsm_uri.h">
      <Filter>Header Files</Filter>
    </ClInclude>
    <ClInclude Include="include\tlog\tsec\md5.h">
      <Filter>Header Files</Filter>
    </ClInclude>
    <ClInclude Include="include\tlog\tsec\oi_tea.h">
      <Filter>Header Files</Filter>
    </ClInclude>
    <ClInclude Include="include\tlog\tsec\taes.h">
      <Filter>Header Files</Filter>
    </ClInclude>
    <ClInclude Include="include\tlog\tsec\tsec.h">
      <Filter>Header Files</Filter>
    </ClInclude>
    <ClInclude Include="include\wsclient\dbmanager\soapdbmanagerProxy.h">
      <Filter>Header Files</Filter>
    </ClInclude>
    <ClInclude Include="include\wsclient\dbmanager\soapH.h">
      <Filter>Header Files</Filter>
    </ClInclude>
    <ClInclude Include="include\wsclient\dbmanager\soapStub.h">
      <Filter>Header Files</Filter>
    </ClInclude>
    <ClInclude Include="include\wsclient\dbmanager\stdsoap2.h">
      <Filter>Header Files</Filter>
    </ClInclude>
    <ClInclude Include="include\wsclient\flowcontrol\soapflowcontrolProxy.h">
      <Filter>Header Files</Filter>
    </ClInclude>
    <ClInclude Include="include\wsclient\flowcontrol\soapH.h">
      <Filter>Header Files</Filter>
    </ClInclude>
    <ClInclude Include="include\wsclient\flowcontrol\soapStub.h">
      <Filter>Header Files</Filter>
    </ClInclude>
    <ClInclude Include="include\wsclient\flowcontrol\stdsoap2.h">
      <Filter>Header Files</Filter>
    </ClInclude>
    <ClInclude Include="include\wsclient\logmanager\soapH.h">
      <Filter>Header Files</Filter>
    </ClInclude>
    <ClInclude Include="include\wsclient\logmanager\soaplogmanagerProxy.h">
      <Filter>Header Files</Filter>
    </ClInclude>
    <ClInclude Include="include\wsclient\logmanager\soapStub.h">
      <Filter>Header Files</Filter>
    </ClInclude>
    <ClInclude Include="include\wsclient\logmanager\stdsoap2.h">
      <Filter>Header Files</Filter>
    </ClInclude>
    <ClInclude Include="include\xercesc\dom\DOM.hpp">
      <Filter>Header Files</Filter>
    </ClInclude>
    <ClInclude Include="include\xercesc\dom\DOMAttr.hpp">
      <Filter>Header Files</Filter>
    </ClInclude>
    <ClInclude Include="include\xercesc\dom\DOMCDATASection.hpp">
      <Filter>Header Files</Filter>
    </ClInclude>
    <ClInclude Include="include\xercesc\dom\DOMCharacterData.hpp">
      <Filter>Header Files</Filter>
    </ClInclude>
    <ClInclude Include="include\xercesc\dom\DOMComment.hpp">
      <Filter>Header Files</Filter>
    </ClInclude>
    <ClInclude Include="include\xercesc\dom\DOMConfiguration.hpp">
      <Filter>Header Files</Filter>
    </ClInclude>
    <ClInclude Include="include\xercesc\dom\DOMDocument.hpp">
      <Filter>Header Files</Filter>
    </ClInclude>
    <ClInclude Include="include\xercesc\dom\DOMDocumentFragment.hpp">
      <Filter>Header Files</Filter>
    </ClInclude>
    <ClInclude Include="include\xercesc\dom\DOMDocumentRange.hpp">
      <Filter>Header Files</Filter>
    </ClInclude>
    <ClInclude Include="include\xercesc\dom\DOMDocumentTraversal.hpp">
      <Filter>Header Files</Filter>
    </ClInclude>
    <ClInclude Include="include\xercesc\dom\DOMDocumentType.hpp">
      <Filter>Header Files</Filter>
    </ClInclude>
    <ClInclude Include="include\xercesc\dom\DOMElement.hpp">
      <Filter>Header Files</Filter>
    </ClInclude>
    <ClInclude Include="include\xercesc\dom\DOMEntity.hpp">
      <Filter>Header Files</Filter>
    </ClInclude>
    <ClInclude Include="include\xercesc\dom\DOMEntityReference.hpp">
      <Filter>Header Files</Filter>
    </ClInclude>
    <ClInclude Include="include\xercesc\dom\DOMError.hpp">
      <Filter>Header Files</Filter>
    </ClInclude>
    <ClInclude Include="include\xercesc\dom\DOMErrorHandler.hpp">
      <Filter>Header Files</Filter>
    </ClInclude>
    <ClInclude Include="include\xercesc\dom\DOMException.hpp">
      <Filter>Header Files</Filter>
    </ClInclude>
    <ClInclude Include="include\xercesc\dom\DOMImplementation.hpp">
      <Filter>Header Files</Filter>
    </ClInclude>
    <ClInclude Include="include\xercesc\dom\DOMImplementationList.hpp">
      <Filter>Header Files</Filter>
    </ClInclude>
    <ClInclude Include="include\xercesc\dom\DOMImplementationLS.hpp">
      <Filter>Header Files</Filter>
    </ClInclude>
    <ClInclude Include="include\xercesc\dom\DOMImplementationRegistry.hpp">
      <Filter>Header Files</Filter>
    </ClInclude>
    <ClInclude Include="include\xercesc\dom\DOMImplementationSource.hpp">
      <Filter>Header Files</Filter>
    </ClInclude>
    <ClInclude Include="include\xercesc\dom\DOMLocator.hpp">
      <Filter>Header Files</Filter>
    </ClInclude>
    <ClInclude Include="include\xercesc\dom\DOMLSException.hpp">
      <Filter>Header Files</Filter>
    </ClInclude>
    <ClInclude Include="include\xercesc\dom\DOMLSInput.hpp">
      <Filter>Header Files</Filter>
    </ClInclude>
    <ClInclude Include="include\xercesc\dom\DOMLSOutput.hpp">
      <Filter>Header Files</Filter>
    </ClInclude>
    <ClInclude Include="include\xercesc\dom\DOMLSParser.hpp">
      <Filter>Header Files</Filter>
    </ClInclude>
    <ClInclude Include="include\xercesc\dom\DOMLSParserFilter.hpp">
      <Filter>Header Files</Filter>
    </ClInclude>
    <ClInclude Include="include\xercesc\dom\DOMLSResourceResolver.hpp">
      <Filter>Header Files</Filter>
    </ClInclude>
    <ClInclude Include="include\xercesc\dom\DOMLSSerializer.hpp">
      <Filter>Header Files</Filter>
    </ClInclude>
    <ClInclude Include="include\xercesc\dom\DOMLSSerializerFilter.hpp">
      <Filter>Header Files</Filter>
    </ClInclude>
    <ClInclude Include="include\xercesc\dom\DOMMemoryManager.hpp">
      <Filter>Header Files</Filter>
    </ClInclude>
    <ClInclude Include="include\xercesc\dom\DOMNamedNodeMap.hpp">
      <Filter>Header Files</Filter>
    </ClInclude>
    <ClInclude Include="include\xercesc\dom\DOMNode.hpp">
      <Filter>Header Files</Filter>
    </ClInclude>
    <ClInclude Include="include\xercesc\dom\DOMNodeFilter.hpp">
      <Filter>Header Files</Filter>
    </ClInclude>
    <ClInclude Include="include\xercesc\dom\DOMNodeIterator.hpp">
      <Filter>Header Files</Filter>
    </ClInclude>
    <ClInclude Include="include\xercesc\dom\DOMNodeList.hpp">
      <Filter>Header Files</Filter>
    </ClInclude>
    <ClInclude Include="include\xercesc\dom\DOMNotation.hpp">
      <Filter>Header Files</Filter>
    </ClInclude>
    <ClInclude Include="include\xercesc\dom\DOMProcessingInstruction.hpp">
      <Filter>Header Files</Filter>
    </ClInclude>
    <ClInclude Include="include\xercesc\dom\DOMPSVITypeInfo.hpp">
      <Filter>Header Files</Filter>
    </ClInclude>
    <ClInclude Include="include\xercesc\dom\DOMRange.hpp">
      <Filter>Header Files</Filter>
    </ClInclude>
    <ClInclude Include="include\xercesc\dom\DOMRangeException.hpp">
      <Filter>Header Files</Filter>
    </ClInclude>
    <ClInclude Include="include\xercesc\dom\DOMStringList.hpp">
      <Filter>Header Files</Filter>
    </ClInclude>
    <ClInclude Include="include\xercesc\dom\DOMText.hpp">
      <Filter>Header Files</Filter>
    </ClInclude>
    <ClInclude Include="include\xercesc\dom\DOMTreeWalker.hpp">
      <Filter>Header Files</Filter>
    </ClInclude>
    <ClInclude Include="include\xercesc\dom\DOMTypeInfo.hpp">
      <Filter>Header Files</Filter>
    </ClInclude>
    <ClInclude Include="include\xercesc\dom\DOMUserDataHandler.hpp">
      <Filter>Header Files</Filter>
    </ClInclude>
    <ClInclude Include="include\xercesc\dom\DOMXPathEvaluator.hpp">
      <Filter>Header Files</Filter>
    </ClInclude>
    <ClInclude Include="include\xercesc\dom\DOMXPathException.hpp">
      <Filter>Header Files</Filter>
    </ClInclude>
    <ClInclude Include="include\xercesc\dom\DOMXPathExpression.hpp">
      <Filter>Header Files</Filter>
    </ClInclude>
    <ClInclude Include="include\xercesc\dom\DOMXPathNamespace.hpp">
      <Filter>Header Files</Filter>
    </ClInclude>
    <ClInclude Include="include\xercesc\dom\DOMXPathNSResolver.hpp">
      <Filter>Header Files</Filter>
    </ClInclude>
    <ClInclude Include="include\xercesc\dom\DOMXPathResult.hpp">
      <Filter>Header Files</Filter>
    </ClInclude>
    <ClInclude Include="include\xercesc\dom\StDOMNode.hpp">
      <Filter>Header Files</Filter>
    </ClInclude>
    <ClInclude Include="include\xercesc\dom\impl\DOMAttrImpl.hpp">
      <Filter>Header Files</Filter>
    </ClInclude>
    <ClInclude Include="include\xercesc\dom\impl\DOMAttrMapImpl.hpp">
      <Filter>Header Files</Filter>
    </ClInclude>
    <ClInclude Include="include\xercesc\dom\impl\DOMAttrNSImpl.hpp">
      <Filter>Header Files</Filter>
    </ClInclude>
    <ClInclude Include="include\xercesc\dom\impl\DOMCasts.hpp">
      <Filter>Header Files</Filter>
    </ClInclude>
    <ClInclude Include="include\xercesc\dom\impl\DOMCDATASectionImpl.hpp">
      <Filter>Header Files</Filter>
    </ClInclude>
    <ClInclude Include="include\xercesc\dom\impl\DOMCharacterDataImpl.hpp">
      <Filter>Header Files</Filter>
    </ClInclude>
    <ClInclude Include="include\xercesc\dom\impl\DOMChildNode.hpp">
      <Filter>Header Files</Filter>
    </ClInclude>
    <ClInclude Include="include\xercesc\dom\impl\DOMCommentImpl.hpp">
      <Filter>Header Files</Filter>
    </ClInclude>
    <ClInclude Include="include\xercesc\dom\impl\DOMConfigurationImpl.hpp">
      <Filter>Header Files</Filter>
    </ClInclude>
    <ClInclude Include="include\xercesc\dom\impl\DOMDeepNodeListImpl.hpp">
      <Filter>Header Files</Filter>
    </ClInclude>
    <ClInclude Include="include\xercesc\dom\impl\DOMDeepNodeListPool.hpp">
      <Filter>Header Files</Filter>
    </ClInclude>
    <ClInclude Include="include\xercesc\dom\impl\DOMDocumentFragmentImpl.hpp">
      <Filter>Header Files</Filter>
    </ClInclude>
    <ClInclude Include="include\xercesc\dom\impl\DOMDocumentImpl.hpp">
      <Filter>Header Files</Filter>
    </ClInclude>
    <ClInclude Include="include\xercesc\dom\impl\DOMDocumentTypeImpl.hpp">
      <Filter>Header Files</Filter>
    </ClInclude>
    <ClInclude Include="include\xercesc\dom\impl\DOMElementImpl.hpp">
      <Filter>Header Files</Filter>
    </ClInclude>
    <ClInclude Include="include\xercesc\dom\impl\DOMElementNSImpl.hpp">
      <Filter>Header Files</Filter>
    </ClInclude>
    <ClInclude Include="include\xercesc\dom\impl\DOMEntityImpl.hpp">
      <Filter>Header Files</Filter>
    </ClInclude>
    <ClInclude Include="include\xercesc\dom\impl\DOMEntityReferenceImpl.hpp">
      <Filter>Header Files</Filter>
    </ClInclude>
    <ClInclude Include="include\xercesc\dom\impl\DOMErrorImpl.hpp">
      <Filter>Header Files</Filter>
    </ClInclude>
    <ClInclude Include="include\xercesc\dom\impl\DOMImplementationImpl.hpp">
      <Filter>Header Files</Filter>
    </ClInclude>
    <ClInclude Include="include\xercesc\dom\impl\DOMImplementationListImpl.hpp">
      <Filter>Header Files</Filter>
    </ClInclude>
    <ClInclude Include="include\xercesc\dom\impl\DOMLocatorImpl.hpp">
      <Filter>Header Files</Filter>
    </ClInclude>
    <ClInclude Include="include\xercesc\dom\impl\DOMLSInputImpl.hpp">
      <Filter>Header Files</Filter>
    </ClInclude>
    <ClInclude Include="include\xercesc\dom\impl\DOMLSOutputImpl.hpp">
      <Filter>Header Files</Filter>
    </ClInclude>
    <ClInclude Include="include\xercesc\dom\impl\DOMLSSerializerImpl.hpp">
      <Filter>Header Files</Filter>
    </ClInclude>
    <ClInclude Include="include\xercesc\dom\impl\DOMNamedNodeMapImpl.hpp">
      <Filter>Header Files</Filter>
    </ClInclude>
    <ClInclude Include="include\xercesc\dom\impl\DOMNodeIDMap.hpp">
      <Filter>Header Files</Filter>
    </ClInclude>
    <ClInclude Include="include\xercesc\dom\impl\DOMNodeImpl.hpp">
      <Filter>Header Files</Filter>
    </ClInclude>
    <ClInclude Include="include\xercesc\dom\impl\DOMNodeIteratorImpl.hpp">
      <Filter>Header Files</Filter>
    </ClInclude>
    <ClInclude Include="include\xercesc\dom\impl\DOMNodeListImpl.hpp">
      <Filter>Header Files</Filter>
    </ClInclude>
    <ClInclude Include="include\xercesc\dom\impl\DOMNodeVector.hpp">
      <Filter>Header Files</Filter>
    </ClInclude>
    <ClInclude Include="include\xercesc\dom\impl\DOMNormalizer.hpp">
      <Filter>Header Files</Filter>
    </ClInclude>
    <ClInclude Include="include\xercesc\dom\impl\DOMNotationImpl.hpp">
      <Filter>Header Files</Filter>
    </ClInclude>
    <ClInclude Include="include\xercesc\dom\impl\DOMParentNode.hpp">
      <Filter>Header Files</Filter>
    </ClInclude>
    <ClInclude Include="include\xercesc\dom\impl\DOMProcessingInstructionImpl.hpp">
      <Filter>Header Files</Filter>
    </ClInclude>
    <ClInclude Include="include\xercesc\dom\impl\DOMRangeImpl.hpp">
      <Filter>Header Files</Filter>
    </ClInclude>
    <ClInclude Include="include\xercesc\dom\impl\DOMStringListImpl.hpp">
      <Filter>Header Files</Filter>
    </ClInclude>
    <ClInclude Include="include\xercesc\dom\impl\DOMStringPool.hpp">
      <Filter>Header Files</Filter>
    </ClInclude>
    <ClInclude Include="include\xercesc\dom\impl\DOMTextImpl.hpp">
      <Filter>Header Files</Filter>
    </ClInclude>
    <ClInclude Include="include\xercesc\dom\impl\DOMTreeWalkerImpl.hpp">
      <Filter>Header Files</Filter>
    </ClInclude>
    <ClInclude Include="include\xercesc\dom\impl\DOMTypeInfoImpl.hpp">
      <Filter>Header Files</Filter>
    </ClInclude>
    <ClInclude Include="include\xercesc\dom\impl\DOMXPathExpressionImpl.hpp">
      <Filter>Header Files</Filter>
    </ClInclude>
    <ClInclude Include="include\xercesc\dom\impl\DOMXPathNSResolverImpl.hpp">
      <Filter>Header Files</Filter>
    </ClInclude>
    <ClInclude Include="include\xercesc\dom\impl\DOMXPathResultImpl.hpp">
      <Filter>Header Files</Filter>
    </ClInclude>
    <ClInclude Include="include\xercesc\dom\impl\XSDElementNSImpl.hpp">
      <Filter>Header Files</Filter>
    </ClInclude>
    <ClInclude Include="include\xercesc\framework\BinOutputStream.hpp">
      <Filter>Header Files</Filter>
    </ClInclude>
    <ClInclude Include="include\xercesc\framework\LocalFileFormatTarget.hpp">
      <Filter>Header Files</Filter>
    </ClInclude>
    <ClInclude Include="include\xercesc\framework\LocalFileInputSource.hpp">
      <Filter>Header Files</Filter>
    </ClInclude>
    <ClInclude Include="include\xercesc\framework\MemBufFormatTarget.hpp">
      <Filter>Header Files</Filter>
    </ClInclude>
    <ClInclude Include="include\xercesc\framework\MemBufInputSource.hpp">
      <Filter>Header Files</Filter>
    </ClInclude>
    <ClInclude Include="include\xercesc\framework\MemoryManager.hpp">
      <Filter>Header Files</Filter>
    </ClInclude>
    <ClInclude Include="include\xercesc\framework\StdInInputSource.hpp">
      <Filter>Header Files</Filter>
    </ClInclude>
    <ClInclude Include="include\xercesc\framework\StdOutFormatTarget.hpp">
      <Filter>Header Files</Filter>
    </ClInclude>
    <ClInclude Include="include\xercesc\framework\URLInputSource.hpp">
      <Filter>Header Files</Filter>
    </ClInclude>
    <ClInclude Include="include\xercesc\framework\ValidationContext.hpp">
      <Filter>Header Files</Filter>
    </ClInclude>
    <ClInclude Include="include\xercesc\framework\Wrapper4DOMLSInput.hpp">
      <Filter>Header Files</Filter>
    </ClInclude>
    <ClInclude Include="include\xercesc\framework\Wrapper4InputSource.hpp">
      <Filter>Header Files</Filter>
    </ClInclude>
    <ClInclude Include="include\xercesc\framework\XMLAttDef.hpp">
      <Filter>Header Files</Filter>
    </ClInclude>
    <ClInclude Include="include\xercesc\framework\XMLAttDefList.hpp">
      <Filter>Header Files</Filter>
    </ClInclude>
    <ClInclude Include="include\xercesc\framework\XMLAttr.hpp">
      <Filter>Header Files</Filter>
    </ClInclude>
    <ClInclude Include="include\xercesc\framework\XMLBuffer.hpp">
      <Filter>Header Files</Filter>
    </ClInclude>
    <ClInclude Include="include\xercesc\framework\XMLBufferMgr.hpp">
      <Filter>Header Files</Filter>
    </ClInclude>
    <ClInclude Include="include\xercesc\framework\XMLContentModel.hpp">
      <Filter>Header Files</Filter>
    </ClInclude>
    <ClInclude Include="include\xercesc\framework\XMLDocumentHandler.hpp">
      <Filter>Header Files</Filter>
    </ClInclude>
    <ClInclude Include="include\xercesc\framework\XMLDTDDescription.hpp">
      <Filter>Header Files</Filter>
    </ClInclude>
    <ClInclude Include="include\xercesc\framework\XMLElementDecl.hpp">
      <Filter>Header Files</Filter>
    </ClInclude>
    <ClInclude Include="include\xercesc\framework\XMLEntityDecl.hpp">
      <Filter>Header Files</Filter>
    </ClInclude>
    <ClInclude Include="include\xercesc\framework\XMLEntityHandler.hpp">
      <Filter>Header Files</Filter>
    </ClInclude>
    <ClInclude Include="include\xercesc\framework\XMLErrorCodes.hpp">
      <Filter>Header Files</Filter>
    </ClInclude>
    <ClInclude Include="include\xercesc\framework\XMLErrorReporter.hpp">
      <Filter>Header Files</Filter>
    </ClInclude>
    <ClInclude Include="include\xercesc\framework\XMLFormatter.hpp">
      <Filter>Header Files</Filter>
    </ClInclude>
    <ClInclude Include="include\xercesc\framework\XMLGrammarDescription.hpp">
      <Filter>Header Files</Filter>
    </ClInclude>
    <ClInclude Include="include\xercesc\framework\XMLGrammarPool.hpp">
      <Filter>Header Files</Filter>
    </ClInclude>
    <ClInclude Include="include\xercesc\framework\XMLGrammarPoolImpl.hpp">
      <Filter>Header Files</Filter>
    </ClInclude>
    <ClInclude Include="include\xercesc\framework\XMLNotationDecl.hpp">
      <Filter>Header Files</Filter>
    </ClInclude>
    <ClInclude Include="include\xercesc\framework\XMLPScanToken.hpp">
      <Filter>Header Files</Filter>
    </ClInclude>
    <ClInclude Include="include\xercesc\framework\XMLRecognizer.hpp">
      <Filter>Header Files</Filter>
    </ClInclude>
    <ClInclude Include="include\xercesc\framework\XMLRefInfo.hpp">
      <Filter>Header Files</Filter>
    </ClInclude>
    <ClInclude Include="include\xercesc\framework\XMLSchemaDescription.hpp">
      <Filter>Header Files</Filter>
    </ClInclude>
    <ClInclude Include="include\xercesc\framework\XMLValidator.hpp">
      <Filter>Header Files</Filter>
    </ClInclude>
    <ClInclude Include="include\xercesc\framework\XMLValidityCodes.hpp">
      <Filter>Header Files</Filter>
    </ClInclude>
    <ClInclude Include="include\xercesc\framework\psvi\PSVIAttribute.hpp">
      <Filter>Header Files</Filter>
    </ClInclude>
    <ClInclude Include="include\xercesc\framework\psvi\PSVIAttributeList.hpp">
      <Filter>Header Files</Filter>
    </ClInclude>
    <ClInclude Include="include\xercesc\framework\psvi\PSVIElement.hpp">
      <Filter>Header Files</Filter>
    </ClInclude>
    <ClInclude Include="include\xercesc\framework\psvi\PSVIHandler.hpp">
      <Filter>Header Files</Filter>
    </ClInclude>
    <ClInclude Include="include\xercesc\framework\psvi\PSVIItem.hpp">
      <Filter>Header Files</Filter>
    </ClInclude>
    <ClInclude Include="include\xercesc\framework\psvi\XSAnnotation.hpp">
      <Filter>Header Files</Filter>
    </ClInclude>
    <ClInclude Include="include\xercesc\framework\psvi\XSAttributeDeclaration.hpp">
      <Filter>Header Files</Filter>
    </ClInclude>
    <ClInclude Include="include\xercesc\framework\psvi\XSAttributeGroupDefinition.hpp">
      <Filter>Header Files</Filter>
    </ClInclude>
    <ClInclude Include="include\xercesc\framework\psvi\XSAttributeUse.hpp">
      <Filter>Header Files</Filter>
    </ClInclude>
    <ClInclude Include="include\xercesc\framework\psvi\XSComplexTypeDefinition.hpp">
      <Filter>Header Files</Filter>
    </ClInclude>
    <ClInclude Include="include\xercesc\framework\psvi\XSConstants.hpp">
      <Filter>Header Files</Filter>
    </ClInclude>
    <ClInclude Include="include\xercesc\framework\psvi\XSElementDeclaration.hpp">
      <Filter>Header Files</Filter>
    </ClInclude>
    <ClInclude Include="include\xercesc\framework\psvi\XSFacet.hpp">
      <Filter>Header Files</Filter>
    </ClInclude>
    <ClInclude Include="include\xercesc\framework\psvi\XSIDCDefinition.hpp">
      <Filter>Header Files</Filter>
    </ClInclude>
    <ClInclude Include="include\xercesc\framework\psvi\XSModel.hpp">
      <Filter>Header Files</Filter>
    </ClInclude>
    <ClInclude Include="include\xercesc\framework\psvi\XSModelGroup.hpp">
      <Filter>Header Files</Filter>
    </ClInclude>
    <ClInclude Include="include\xercesc\framework\psvi\XSModelGroupDefinition.hpp">
      <Filter>Header Files</Filter>
    </ClInclude>
    <ClInclude Include="include\xercesc\framework\psvi\XSMultiValueFacet.hpp">
      <Filter>Header Files</Filter>
    </ClInclude>
    <ClInclude Include="include\xercesc\framework\psvi\XSNamedMap.hpp">
      <Filter>Header Files</Filter>
    </ClInclude>
    <ClInclude Include="include\xercesc\framework\psvi\XSNamespaceItem.hpp">
      <Filter>Header Files</Filter>
    </ClInclude>
    <ClInclude Include="include\xercesc\framework\psvi\XSNotationDeclaration.hpp">
      <Filter>Header Files</Filter>
    </ClInclude>
    <ClInclude Include="include\xercesc\framework\psvi\XSObject.hpp">
      <Filter>Header Files</Filter>
    </ClInclude>
    <ClInclude Include="include\xercesc\framework\psvi\XSParticle.hpp">
      <Filter>Header Files</Filter>
    </ClInclude>
    <ClInclude Include="include\xercesc\framework\psvi\XSSimpleTypeDefinition.hpp">
      <Filter>Header Files</Filter>
    </ClInclude>
    <ClInclude Include="include\xercesc\framework\psvi\XSTypeDefinition.hpp">
      <Filter>Header Files</Filter>
    </ClInclude>
    <ClInclude Include="include\xercesc\framework\psvi\XSValue.hpp">
      <Filter>Header Files</Filter>
    </ClInclude>
    <ClInclude Include="include\xercesc\framework\psvi\XSWildcard.hpp">
      <Filter>Header Files</Filter>
    </ClInclude>
    <ClInclude Include="include\xercesc\internal\BinFileOutputStream.hpp">
      <Filter>Header Files</Filter>
    </ClInclude>
    <ClInclude Include="include\xercesc\internal\BinMemOutputStream.hpp">
      <Filter>Header Files</Filter>
    </ClInclude>
    <ClInclude Include="include\xercesc\internal\CharTypeTables.hpp">
      <Filter>Header Files</Filter>
    </ClInclude>
    <ClInclude Include="include\xercesc\internal\DGXMLScanner.hpp">
      <Filter>Header Files</Filter>
    </ClInclude>
    <ClInclude Include="include\xercesc\internal\ElemStack.hpp">
      <Filter>Header Files</Filter>
    </ClInclude>
    <ClInclude Include="include\xercesc\internal\EndOfEntityException.hpp">
      <Filter>Header Files</Filter>
    </ClInclude>
    <ClInclude Include="include\xercesc\internal\IANAEncodings.hpp">
      <Filter>Header Files</Filter>
    </ClInclude>
    <ClInclude Include="include\xercesc\internal\IGXMLScanner.hpp">
      <Filter>Header Files</Filter>
    </ClInclude>
    <ClInclude Include="include\xercesc\internal\MemoryManagerImpl.hpp">
      <Filter>Header Files</Filter>
    </ClInclude>
    <ClInclude Include="include\xercesc\internal\ReaderMgr.hpp">
      <Filter>Header Files</Filter>
    </ClInclude>
    <ClInclude Include="include\xercesc\internal\SGXMLScanner.hpp">
      <Filter>Header Files</Filter>
    </ClInclude>
    <ClInclude Include="include\xercesc\internal\ValidationContextImpl.hpp">
      <Filter>Header Files</Filter>
    </ClInclude>
    <ClInclude Include="include\xercesc\internal\VecAttributesImpl.hpp">
      <Filter>Header Files</Filter>
    </ClInclude>
    <ClInclude Include="include\xercesc\internal\VecAttrListImpl.hpp">
      <Filter>Header Files</Filter>
    </ClInclude>
    <ClInclude Include="include\xercesc\internal\WFXMLScanner.hpp">
      <Filter>Header Files</Filter>
    </ClInclude>
    <ClInclude Include="include\xercesc\internal\XMLInternalErrorHandler.hpp">
      <Filter>Header Files</Filter>
    </ClInclude>
    <ClInclude Include="include\xercesc\internal\XMLReader.hpp">
      <Filter>Header Files</Filter>
    </ClInclude>
    <ClInclude Include="include\xercesc\internal\XMLScanner.hpp">
      <Filter>Header Files</Filter>
    </ClInclude>
    <ClInclude Include="include\xercesc\internal\XMLScannerResolver.hpp">
      <Filter>Header Files</Filter>
    </ClInclude>
    <ClInclude Include="include\xercesc\internal\XProtoType.hpp">
      <Filter>Header Files</Filter>
    </ClInclude>
    <ClInclude Include="include\xercesc\internal\XSAXMLScanner.hpp">
      <Filter>Header Files</Filter>
    </ClInclude>
    <ClInclude Include="include\xercesc\internal\XSerializable.hpp">
      <Filter>Header Files</Filter>
    </ClInclude>
    <ClInclude Include="include\xercesc\internal\XSerializationException.hpp">
      <Filter>Header Files</Filter>
    </ClInclude>
    <ClInclude Include="include\xercesc\internal\XSerializeEngine.hpp">
      <Filter>Header Files</Filter>
    </ClInclude>
    <ClInclude Include="include\xercesc\internal\XSObjectFactory.hpp">
      <Filter>Header Files</Filter>
    </ClInclude>
    <ClInclude Include="include\xercesc\internal\XTemplateSerializer.hpp">
      <Filter>Header Files</Filter>
    </ClInclude>
    <ClInclude Include="include\xercesc\parsers\AbstractDOMParser.hpp">
      <Filter>Header Files</Filter>
    </ClInclude>
    <ClInclude Include="include\xercesc\parsers\DOMLSParserImpl.hpp">
      <Filter>Header Files</Filter>
    </ClInclude>
    <ClInclude Include="include\xercesc\parsers\SAX2XMLFilterImpl.hpp">
      <Filter>Header Files</Filter>
    </ClInclude>
    <ClInclude Include="include\xercesc\parsers\SAX2XMLReaderImpl.hpp">
      <Filter>Header Files</Filter>
    </ClInclude>
    <ClInclude Include="include\xercesc\parsers\SAXParser.hpp">
      <Filter>Header Files</Filter>
    </ClInclude>
    <ClInclude Include="include\xercesc\parsers\XercesDOMParser.hpp">
      <Filter>Header Files</Filter>
    </ClInclude>
    <ClInclude Include="include\xercesc\sax\AttributeList.hpp">
      <Filter>Header Files</Filter>
    </ClInclude>
    <ClInclude Include="include\xercesc\sax\DocumentHandler.hpp">
      <Filter>Header Files</Filter>
    </ClInclude>
    <ClInclude Include="include\xercesc\sax\DTDHandler.hpp">
      <Filter>Header Files</Filter>
    </ClInclude>
    <ClInclude Include="include\xercesc\sax\EntityResolver.hpp">
      <Filter>Header Files</Filter>
    </ClInclude>
    <ClInclude Include="include\xercesc\sax\ErrorHandler.hpp">
      <Filter>Header Files</Filter>
    </ClInclude>
    <ClInclude Include="include\xercesc\sax\HandlerBase.hpp">
      <Filter>Header Files</Filter>
    </ClInclude>
    <ClInclude Include="include\xercesc\sax\InputSource.hpp">
      <Filter>Header Files</Filter>
    </ClInclude>
    <ClInclude Include="include\xercesc\sax\Locator.hpp">
      <Filter>Header Files</Filter>
    </ClInclude>
    <ClInclude Include="include\xercesc\sax\Parser.hpp">
      <Filter>Header Files</Filter>
    </ClInclude>
    <ClInclude Include="include\xercesc\sax\SAXException.hpp">
      <Filter>Header Files</Filter>
    </ClInclude>
    <ClInclude Include="include\xercesc\sax\SAXParseException.hpp">
      <Filter>Header Files</Filter>
    </ClInclude>
    <ClInclude Include="include\xercesc\sax2\Attributes.hpp">
      <Filter>Header Files</Filter>
    </ClInclude>
    <ClInclude Include="include\xercesc\sax2\ContentHandler.hpp">
      <Filter>Header Files</Filter>
    </ClInclude>
    <ClInclude Include="include\xercesc\sax2\DeclHandler.hpp">
      <Filter>Header Files</Filter>
    </ClInclude>
    <ClInclude Include="include\xercesc\sax2\DefaultHandler.hpp">
      <Filter>Header Files</Filter>
    </ClInclude>
    <ClInclude Include="include\xercesc\sax2\LexicalHandler.hpp">
      <Filter>Header Files</Filter>
    </ClInclude>
    <ClInclude Include="include\xercesc\sax2\SAX2XMLFilter.hpp">
      <Filter>Header Files</Filter>
    </ClInclude>
    <ClInclude Include="include\xercesc\sax2\SAX2XMLReader.hpp">
      <Filter>Header Files</Filter>
    </ClInclude>
    <ClInclude Include="include\xercesc\sax2\XMLReaderFactory.hpp">
      <Filter>Header Files</Filter>
    </ClInclude>
    <ClInclude Include="include\xercesc\util\ArrayIndexOutOfBoundsException.hpp">
      <Filter>Header Files</Filter>
    </ClInclude>
    <ClInclude Include="include\xercesc\util\Base64.hpp">
      <Filter>Header Files</Filter>
    </ClInclude>
    <ClInclude Include="include\xercesc\util\BaseRefVectorOf.hpp">
      <Filter>Header Files</Filter>
    </ClInclude>
    <ClInclude Include="include\xercesc\util\BinFileInputStream.hpp">
      <Filter>Header Files</Filter>
    </ClInclude>
    <ClInclude Include="include\xercesc\util\BinInputStream.hpp">
      <Filter>Header Files</Filter>
    </ClInclude>
    <ClInclude Include="include\xercesc\util\BinMemInputStream.hpp">
      <Filter>Header Files</Filter>
    </ClInclude>
    <ClInclude Include="include\xercesc\util\BitOps.hpp">
      <Filter>Header Files</Filter>
    </ClInclude>
    <ClInclude Include="include\xercesc\util\BitSet.hpp">
      <Filter>Header Files</Filter>
    </ClInclude>
    <ClInclude Include="include\xercesc\util\CountedPointer.hpp">
      <Filter>Header Files</Filter>
    </ClInclude>
    <ClInclude Include="include\xercesc\util\DefaultPanicHandler.hpp">
      <Filter>Header Files</Filter>
    </ClInclude>
    <ClInclude Include="include\xercesc\util\EmptyStackException.hpp">
      <Filter>Header Files</Filter>
    </ClInclude>
    <ClInclude Include="include\xercesc\util\EncodingValidator.hpp">
      <Filter>Header Files</Filter>
    </ClInclude>
    <ClInclude Include="include\xercesc\util\FlagJanitor.hpp">
      <Filter>Header Files</Filter>
    </ClInclude>
    <ClInclude Include="include\xercesc\util\Hash2KeysSetOf.hpp">
      <Filter>Header Files</Filter>
    </ClInclude>
    <ClInclude Include="include\xercesc\util\Hashers.hpp">
      <Filter>Header Files</Filter>
    </ClInclude>
    <ClInclude Include="include\xercesc\util\HexBin.hpp">
      <Filter>Header Files</Filter>
    </ClInclude>
    <ClInclude Include="include\xercesc\util\IllegalArgumentException.hpp">
      <Filter>Header Files</Filter>
    </ClInclude>
    <ClInclude Include="include\xercesc\util\InvalidCastException.hpp">
      <Filter>Header Files</Filter>
    </ClInclude>
    <ClInclude Include="include\xercesc\util\IOException.hpp">
      <Filter>Header Files</Filter>
    </ClInclude>
    <ClInclude Include="include\xercesc\util\Janitor.hpp">
      <Filter>Header Files</Filter>
    </ClInclude>
    <ClInclude Include="include\xercesc\util\KeyRefPair.hpp">
      <Filter>Header Files</Filter>
    </ClInclude>
    <ClInclude Include="include\xercesc\util\KeyValuePair.hpp">
      <Filter>Header Files</Filter>
    </ClInclude>
    <ClInclude Include="include\xercesc\util\KVStringPair.hpp">
      <Filter>Header Files</Filter>
    </ClInclude>
    <ClInclude Include="include\xercesc\util\Mutexes.hpp">
      <Filter>Header Files</Filter>
    </ClInclude>
    <ClInclude Include="include\xercesc\util\NameIdPool.hpp">
      <Filter>Header Files</Filter>
    </ClInclude>
    <ClInclude Include="include\xercesc\util\NoSuchElementException.hpp">
      <Filter>Header Files</Filter>
    </ClInclude>
    <ClInclude Include="include\xercesc\util\NullPointerException.hpp">
      <Filter>Header Files</Filter>
    </ClInclude>
    <ClInclude Include="include\xercesc\util\NumberFormatException.hpp">
      <Filter>Header Files</Filter>
    </ClInclude>
    <ClInclude Include="include\xercesc\util\OutOfMemoryException.hpp">
      <Filter>Header Files</Filter>
    </ClInclude>
    <ClInclude Include="include\xercesc\util\PanicHandler.hpp">
      <Filter>Header Files</Filter>
    </ClInclude>
    <ClInclude Include="include\xercesc\util\ParseException.hpp">
      <Filter>Header Files</Filter>
    </ClInclude>
    <ClInclude Include="include\xercesc\util\PlatformUtils.hpp">
      <Filter>Header Files</Filter>
    </ClInclude>
    <ClInclude Include="include\xercesc\util\PSVIUni.hpp">
      <Filter>Header Files</Filter>
    </ClInclude>
    <ClInclude Include="include\xercesc\util\QName.hpp">
      <Filter>Header Files</Filter>
    </ClInclude>
    <ClInclude Include="include\xercesc\util\RefArrayOf.hpp">
      <Filter>Header Files</Filter>
    </ClInclude>
    <ClInclude Include="include\xercesc\util\RefArrayVectorOf.hpp">
      <Filter>Header Files</Filter>
    </ClInclude>
    <ClInclude Include="include\xercesc\util\RefHash2KeysTableOf.hpp">
      <Filter>Header Files</Filter>
    </ClInclude>
    <ClInclude Include="include\xercesc\util\RefHash3KeysIdPool.hpp">
      <Filter>Header Files</Filter>
    </ClInclude>
    <ClInclude Include="include\xercesc\util\RefHashTableOf.hpp">
      <Filter>Header Files</Filter>
    </ClInclude>
    <ClInclude Include="include\xercesc\util\RefStackOf.hpp">
      <Filter>Header Files</Filter>
    </ClInclude>
    <ClInclude Include="include\xercesc\util\RefVectorOf.hpp">
      <Filter>Header Files</Filter>
    </ClInclude>
    <ClInclude Include="include\xercesc\util\RuntimeException.hpp">
      <Filter>Header Files</Filter>
    </ClInclude>
    <ClInclude Include="include\xercesc\util\SchemaDateTimeException.hpp">
      <Filter>Header Files</Filter>
    </ClInclude>
    <ClInclude Include="include\xercesc\util\SecurityManager.hpp">
      <Filter>Header Files</Filter>
    </ClInclude>
    <ClInclude Include="include\xercesc\util\StringPool.hpp">
      <Filter>Header Files</Filter>
    </ClInclude>
    <ClInclude Include="include\xercesc\util\SynchronizedStringPool.hpp">
      <Filter>Header Files</Filter>
    </ClInclude>
    <ClInclude Include="include\xercesc\util\TranscodingException.hpp">
      <Filter>Header Files</Filter>
    </ClInclude>
    <ClInclude Include="include\xercesc\util\TransENameMap.hpp">
      <Filter>Header Files</Filter>
    </ClInclude>
    <ClInclude Include="include\xercesc\util\TransService.hpp">
      <Filter>Header Files</Filter>
    </ClInclude>
    <ClInclude Include="include\xercesc\util\UnexpectedEOFException.hpp">
      <Filter>Header Files</Filter>
    </ClInclude>
    <ClInclude Include="include\xercesc\util\UnsupportedEncodingException.hpp">
      <Filter>Header Files</Filter>
    </ClInclude>
    <ClInclude Include="include\xercesc\util\UTFDataFormatException.hpp">
      <Filter>Header Files</Filter>
    </ClInclude>
    <ClInclude Include="include\xercesc\util\ValueArrayOf.hpp">
      <Filter>Header Files</Filter>
    </ClInclude>
    <ClInclude Include="include\xercesc\util\ValueHashTableOf.hpp">
      <Filter>Header Files</Filter>
    </ClInclude>
    <ClInclude Include="include\xercesc\util\ValueStackOf.hpp">
      <Filter>Header Files</Filter>
    </ClInclude>
    <ClInclude Include="include\xercesc\util\ValueVectorOf.hpp">
      <Filter>Header Files</Filter>
    </ClInclude>
    <ClInclude Include="include\xercesc\util\XercesDefs.hpp">
      <Filter>Header Files</Filter>
    </ClInclude>
    <ClInclude Include="include\xercesc\util\XercesVersion.hpp">
      <Filter>Header Files</Filter>
    </ClInclude>
    <ClInclude Include="include\xercesc\util\Xerces_autoconf_config.hpp">
      <Filter>Header Files</Filter>
    </ClInclude>
    <ClInclude Include="include\xercesc\util\XMemory.hpp">
      <Filter>Header Files</Filter>
    </ClInclude>
    <ClInclude Include="include\xercesc\util\XML256TableTranscoder.hpp">
      <Filter>Header Files</Filter>
    </ClInclude>
    <ClInclude Include="include\xercesc\util\XML88591Transcoder.hpp">
      <Filter>Header Files</Filter>
    </ClInclude>
    <ClInclude Include="include\xercesc\util\XMLAbstractDoubleFloat.hpp">
      <Filter>Header Files</Filter>
    </ClInclude>
    <ClInclude Include="include\xercesc\util\XMLASCIITranscoder.hpp">
      <Filter>Header Files</Filter>
    </ClInclude>
    <ClInclude Include="include\xercesc\util\XMLBigDecimal.hpp">
      <Filter>Header Files</Filter>
    </ClInclude>
    <ClInclude Include="include\xercesc\util\XMLBigInteger.hpp">
      <Filter>Header Files</Filter>
    </ClInclude>
    <ClInclude Include="include\xercesc\util\XMLChar.hpp">
      <Filter>Header Files</Filter>
    </ClInclude>
    <ClInclude Include="include\xercesc\util\XMLChTranscoder.hpp">
      <Filter>Header Files</Filter>
    </ClInclude>
    <ClInclude Include="include\xercesc\util\XMLDateTime.hpp">
      <Filter>Header Files</Filter>
    </ClInclude>
    <ClInclude Include="include\xercesc\util\XMLDOMMsg.hpp">
      <Filter>Header Files</Filter>
    </ClInclude>
    <ClInclude Include="include\xercesc\util\XMLDouble.hpp">
      <Filter>Header Files</Filter>
    </ClInclude>
    <ClInclude Include="include\xercesc\util\XMLEBCDICTranscoder.hpp">
      <Filter>Header Files</Filter>
    </ClInclude>
    <ClInclude Include="include\xercesc\util\XMLEntityResolver.hpp">
      <Filter>Header Files</Filter>
    </ClInclude>
    <ClInclude Include="include\xercesc\util\XMLEnumerator.hpp">
      <Filter>Header Files</Filter>
    </ClInclude>
    <ClInclude Include="include\xercesc\util\XMLException.hpp">
      <Filter>Header Files</Filter>
    </ClInclude>
    <ClInclude Include="include\xercesc\util\XMLExceptMsgs.hpp">
      <Filter>Header Files</Filter>
    </ClInclude>
    <ClInclude Include="include\xercesc\util\XMLFileMgr.hpp">
      <Filter>Header Files</Filter>
    </ClInclude>
    <ClInclude Include="include\xercesc\util\XMLFloat.hpp">
      <Filter>Header Files</Filter>
    </ClInclude>
    <ClInclude Include="include\xercesc\util\XMLIBM1047Transcoder.hpp">
      <Filter>Header Files</Filter>
    </ClInclude>
    <ClInclude Include="include\xercesc\util\XMLIBM1140Transcoder.hpp">
      <Filter>Header Files</Filter>
    </ClInclude>
    <ClInclude Include="include\xercesc\util\XMLInitializer.hpp">
      <Filter>Header Files</Filter>
    </ClInclude>
    <ClInclude Include="include\xercesc\util\XMLInteger.hpp">
      <Filter>Header Files</Filter>
    </ClInclude>
    <ClInclude Include="include\xercesc\util\XMLMsgLoader.hpp">
      <Filter>Header Files</Filter>
    </ClInclude>
    <ClInclude Include="include\xercesc\util\XMLMutexMgr.hpp">
      <Filter>Header Files</Filter>
    </ClInclude>
    <ClInclude Include="include\xercesc\util\XMLNetAccessor.hpp">
      <Filter>Header Files</Filter>
    </ClInclude>
    <ClInclude Include="include\xercesc\util\XMLNumber.hpp">
      <Filter>Header Files</Filter>
    </ClInclude>
    <ClInclude Include="include\xercesc\util\XMLResourceIdentifier.hpp">
      <Filter>Header Files</Filter>
    </ClInclude>
    <ClInclude Include="include\xercesc\util\XMLString.hpp">
      <Filter>Header Files</Filter>
    </ClInclude>
    <ClInclude Include="include\xercesc\util\XMLStringTokenizer.hpp">
      <Filter>Header Files</Filter>
    </ClInclude>
    <ClInclude Include="include\xercesc\util\XMLUCS4Transcoder.hpp">
      <Filter>Header Files</Filter>
    </ClInclude>
    <ClInclude Include="include\xercesc\util\XMLUni.hpp">
      <Filter>Header Files</Filter>
    </ClInclude>
    <ClInclude Include="include\xercesc\util\XMLUniDefs.hpp">
      <Filter>Header Files</Filter>
    </ClInclude>
    <ClInclude Include="include\xercesc\util\XMLUri.hpp">
      <Filter>Header Files</Filter>
    </ClInclude>
    <ClInclude Include="include\xercesc\util\XMLURL.hpp">
      <Filter>Header Files</Filter>
    </ClInclude>
    <ClInclude Include="include\xercesc\util\XMLUTF16Transcoder.hpp">
      <Filter>Header Files</Filter>
    </ClInclude>
    <ClInclude Include="include\xercesc\util\XMLUTF8Transcoder.hpp">
      <Filter>Header Files</Filter>
    </ClInclude>
    <ClInclude Include="include\xercesc\util\XMLWin1252Transcoder.hpp">
      <Filter>Header Files</Filter>
    </ClInclude>
    <ClInclude Include="include\xercesc\util\filemanagers\PosixFileMgr.hpp">
      <Filter>Header Files</Filter>
    </ClInclude>
    <ClInclude Include="include\xercesc\util\msgloaders\inmemory\InMemMsgLoader.hpp">
      <Filter>Header Files</Filter>
    </ClInclude>
    <ClInclude Include="include\xercesc\util\msgloaders\inmemory\XercesMessages_en_US.hpp">
      <Filter>Header Files</Filter>
    </ClInclude>
    <ClInclude Include="include\xercesc\util\mutexmanagers\PosixMutexMgr.hpp">
      <Filter>Header Files</Filter>
    </ClInclude>
    <ClInclude Include="include\xercesc\util\netaccessors\BinHTTPInputStreamCommon.hpp">
      <Filter>Header Files</Filter>
    </ClInclude>
    <ClInclude Include="include\xercesc\util\netaccessors\socket\SocketNetAccessor.hpp">
      <Filter>Header Files</Filter>
    </ClInclude>
    <ClInclude Include="include\xercesc\util\netaccessors\socket\UnixHTTPURLInputStream.hpp">
      <Filter>Header Files</Filter>
    </ClInclude>
    <ClInclude Include="include\xercesc\util\regx\ASCIIRangeFactory.hpp">
      <Filter>Header Files</Filter>
    </ClInclude>
    <ClInclude Include="include\xercesc\util\regx\BlockRangeFactory.hpp">
      <Filter>Header Files</Filter>
    </ClInclude>
    <ClInclude Include="include\xercesc\util\regx\BMPattern.hpp">
      <Filter>Header Files</Filter>
    </ClInclude>
    <ClInclude Include="include\xercesc\util\regx\CharToken.hpp">
      <Filter>Header Files</Filter>
    </ClInclude>
    <ClInclude Include="include\xercesc\util\regx\ClosureToken.hpp">
      <Filter>Header Files</Filter>
    </ClInclude>
    <ClInclude Include="include\xercesc\util\regx\ConcatToken.hpp">
      <Filter>Header Files</Filter>
    </ClInclude>
    <ClInclude Include="include\xercesc\util\regx\Match.hpp">
      <Filter>Header Files</Filter>
    </ClInclude>
    <ClInclude Include="include\xercesc\util\regx\Op.hpp">
      <Filter>Header Files</Filter>
    </ClInclude>
    <ClInclude Include="include\xercesc\util\regx\OpFactory.hpp">
      <Filter>Header Files</Filter>
    </ClInclude>
    <ClInclude Include="include\xercesc\util\regx\ParenToken.hpp">
      <Filter>Header Files</Filter>
    </ClInclude>
    <ClInclude Include="include\xercesc\util\regx\ParserForXMLSchema.hpp">
      <Filter>Header Files</Filter>
    </ClInclude>
    <ClInclude Include="include\xercesc\util\regx\RangeFactory.hpp">
      <Filter>Header Files</Filter>
    </ClInclude>
    <ClInclude Include="include\xercesc\util\regx\RangeToken.hpp">
      <Filter>Header Files</Filter>
    </ClInclude>
    <ClInclude Include="include\xercesc\util\regx\RangeTokenMap.hpp">
      <Filter>Header Files</Filter>
    </ClInclude>
    <ClInclude Include="include\xercesc\util\regx\RegularExpression.hpp">
      <Filter>Header Files</Filter>
    </ClInclude>
    <ClInclude Include="include\xercesc\util\regx\RegxDefs.hpp">
      <Filter>Header Files</Filter>
    </ClInclude>
    <ClInclude Include="include\xercesc\util\regx\RegxParser.hpp">
      <Filter>Header Files</Filter>
    </ClInclude>
    <ClInclude Include="include\xercesc\util\regx\RegxUtil.hpp">
      <Filter>Header Files</Filter>
    </ClInclude>
    <ClInclude Include="include\xercesc\util\regx\StringToken.hpp">
      <Filter>Header Files</Filter>
    </ClInclude>
    <ClInclude Include="include\xercesc\util\regx\Token.hpp">
      <Filter>Header Files</Filter>
    </ClInclude>
    <ClInclude Include="include\xercesc\util\regx\TokenFactory.hpp">
      <Filter>Header Files</Filter>
    </ClInclude>
    <ClInclude Include="include\xercesc\util\regx\TokenInc.hpp">
      <Filter>Header Files</Filter>
    </ClInclude>
    <ClInclude Include="include\xercesc\util\regx\UniCharTable.hpp">
      <Filter>Header Files</Filter>
    </ClInclude>
    <ClInclude Include="include\xercesc\util\regx\UnicodeRangeFactory.hpp">
      <Filter>Header Files</Filter>
    </ClInclude>
    <ClInclude Include="include\xercesc\util\regx\UnionToken.hpp">
      <Filter>Header Files</Filter>
    </ClInclude>
    <ClInclude Include="include\xercesc\util\regx\XMLRangeFactory.hpp">
      <Filter>Header Files</Filter>
    </ClInclude>
    <ClInclude Include="include\xercesc\util\regx\XMLUniCharacter.hpp">
      <Filter>Header Files</Filter>
    </ClInclude>
    <ClInclude Include="include\xercesc\util\transcoders\iconvgnu\IconvGNUTransService.hpp">
      <Filter>Header Files</Filter>
    </ClInclude>
    <ClInclude Include="include\xercesc\validators\common\AllContentModel.hpp">
      <Filter>Header Files</Filter>
    </ClInclude>
    <ClInclude Include="include\xercesc\validators\common\CMAny.hpp">
      <Filter>Header Files</Filter>
    </ClInclude>
    <ClInclude Include="include\xercesc\validators\common\CMBinaryOp.hpp">
      <Filter>Header Files</Filter>
    </ClInclude>
    <ClInclude Include="include\xercesc\validators\common\CMLeaf.hpp">
      <Filter>Header Files</Filter>
    </ClInclude>
    <ClInclude Include="include\xercesc\validators\common\CMNode.hpp">
      <Filter>Header Files</Filter>
    </ClInclude>
    <ClInclude Include="include\xercesc\validators\common\CMRepeatingLeaf.hpp">
      <Filter>Header Files</Filter>
    </ClInclude>
    <ClInclude Include="include\xercesc\validators\common\CMStateSet.hpp">
      <Filter>Header Files</Filter>
    </ClInclude>
    <ClInclude Include="include\xercesc\validators\common\CMUnaryOp.hpp">
      <Filter>Header Files</Filter>
    </ClInclude>
    <ClInclude Include="include\xercesc\validators\common\ContentLeafNameTypeVector.hpp">
      <Filter>Header Files</Filter>
    </ClInclude>
    <ClInclude Include="include\xercesc\validators\common\ContentSpecNode.hpp">
      <Filter>Header Files</Filter>
    </ClInclude>
    <ClInclude Include="include\xercesc\validators\common\DFAContentModel.hpp">
      <Filter>Header Files</Filter>
    </ClInclude>
    <ClInclude Include="include\xercesc\validators\common\Grammar.hpp">
      <Filter>Header Files</Filter>
    </ClInclude>
    <ClInclude Include="include\xercesc\validators\common\GrammarResolver.hpp">
      <Filter>Header Files</Filter>
    </ClInclude>
    <ClInclude Include="include\xercesc\validators\common\MixedContentModel.hpp">
      <Filter>Header Files</Filter>
    </ClInclude>
    <ClInclude Include="include\xercesc\validators\common\SimpleContentModel.hpp">
      <Filter>Header Files</Filter>
    </ClInclude>
    <ClInclude Include="include\xercesc\validators\datatype\AbstractNumericFacetValidator.hpp">
      <Filter>Header Files</Filter>
    </ClInclude>
    <ClInclude Include="include\xercesc\validators\datatype\AbstractNumericValidator.hpp">
      <Filter>Header Files</Filter>
    </ClInclude>
    <ClInclude Include="include\xercesc\validators\datatype\AbstractStringValidator.hpp">
      <Filter>Header Files</Filter>
    </ClInclude>
    <ClInclude Include="include\xercesc\validators\datatype\AnySimpleTypeDatatypeValidator.hpp">
      <Filter>Header Files</Filter>
    </ClInclude>
    <ClInclude Include="include\xercesc\validators\datatype\AnyURIDatatypeValidator.hpp">
      <Filter>Header Files</Filter>
    </ClInclude>
    <ClInclude Include="include\xercesc\validators\datatype\Base64BinaryDatatypeValidator.hpp">
      <Filter>Header Files</Filter>
    </ClInclude>
    <ClInclude Include="include\xercesc\validators\datatype\BooleanDatatypeValidator.hpp">
      <Filter>Header Files</Filter>
    </ClInclude>
    <ClInclude Include="include\xercesc\validators\datatype\DatatypeValidator.hpp">
      <Filter>Header Files</Filter>
    </ClInclude>
    <ClInclude Include="include\xercesc\validators\datatype\DatatypeValidatorFactory.hpp">
      <Filter>Header Files</Filter>
    </ClInclude>
    <ClInclude Include="include\xercesc\validators\datatype\DateDatatypeValidator.hpp">
      <Filter>Header Files</Filter>
    </ClInclude>
    <ClInclude Include="include\xercesc\validators\datatype\DateTimeDatatypeValidator.hpp">
      <Filter>Header Files</Filter>
    </ClInclude>
    <ClInclude Include="include\xercesc\validators\datatype\DateTimeValidator.hpp">
      <Filter>Header Files</Filter>
    </ClInclude>
    <ClInclude Include="include\xercesc\validators\datatype\DayDatatypeValidator.hpp">
      <Filter>Header Files</Filter>
    </ClInclude>
    <ClInclude Include="include\xercesc\validators\datatype\DecimalDatatypeValidator.hpp">
      <Filter>Header Files</Filter>
    </ClInclude>
    <ClInclude Include="include\xercesc\validators\datatype\DoubleDatatypeValidator.hpp">
      <Filter>Header Files</Filter>
    </ClInclude>
    <ClInclude Include="include\xercesc\validators\datatype\DurationDatatypeValidator.hpp">
      <Filter>Header Files</Filter>
    </ClInclude>
    <ClInclude Include="include\xercesc\validators\datatype\ENTITYDatatypeValidator.hpp">
      <Filter>Header Files</Filter>
    </ClInclude>
    <ClInclude Include="include\xercesc\validators\datatype\FloatDatatypeValidator.hpp">
      <Filter>Header Files</Filter>
    </ClInclude>
    <ClInclude Include="include\xercesc\validators\datatype\HexBinaryDatatypeValidator.hpp">
      <Filter>Header Files</Filter>
    </ClInclude>
    <ClInclude Include="include\xercesc\validators\datatype\IDDatatypeValidator.hpp">
      <Filter>Header Files</Filter>
    </ClInclude>
    <ClInclude Include="include\xercesc\validators\datatype\IDREFDatatypeValidator.hpp">
      <Filter>Header Files</Filter>
    </ClInclude>
    <ClInclude Include="include\xercesc\validators\datatype\InvalidDatatypeFacetException.hpp">
      <Filter>Header Files</Filter>
    </ClInclude>
    <ClInclude Include="include\xercesc\validators\datatype\InvalidDatatypeValueException.hpp">
      <Filter>Header Files</Filter>
    </ClInclude>
    <ClInclude Include="include\xercesc\validators\datatype\ListDatatypeValidator.hpp">
      <Filter>Header Files</Filter>
    </ClInclude>
    <ClInclude Include="include\xercesc\validators\datatype\MonthDatatypeValidator.hpp">
      <Filter>Header Files</Filter>
    </ClInclude>
    <ClInclude Include="include\xercesc\validators\datatype\MonthDayDatatypeValidator.hpp">
      <Filter>Header Files</Filter>
    </ClInclude>
    <ClInclude Include="include\xercesc\validators\datatype\NameDatatypeValidator.hpp">
      <Filter>Header Files</Filter>
    </ClInclude>
    <ClInclude Include="include\xercesc\validators\datatype\NCNameDatatypeValidator.hpp">
      <Filter>Header Files</Filter>
    </ClInclude>
    <ClInclude Include="include\xercesc\validators\datatype\NOTATIONDatatypeValidator.hpp">
      <Filter>Header Files</Filter>
    </ClInclude>
    <ClInclude Include="include\xercesc\validators\datatype\QNameDatatypeValidator.hpp">
      <Filter>Header Files</Filter>
    </ClInclude>
    <ClInclude Include="include\xercesc\validators\datatype\StringDatatypeValidator.hpp">
      <Filter>Header Files</Filter>
    </ClInclude>
    <ClInclude Include="include\xercesc\validators\datatype\TimeDatatypeValidator.hpp">
      <Filter>Header Files</Filter>
    </ClInclude>
    <ClInclude Include="include\xercesc\validators\datatype\UnionDatatypeValidator.hpp">
      <Filter>Header Files</Filter>
    </ClInclude>
    <ClInclude Include="include\xercesc\validators\datatype\XMLCanRepGroup.hpp">
      <Filter>Header Files</Filter>
    </ClInclude>
    <ClInclude Include="include\xercesc\validators\datatype\YearDatatypeValidator.hpp">
      <Filter>Header Files</Filter>
    </ClInclude>
    <ClInclude Include="include\xercesc\validators\datatype\YearMonthDatatypeValidator.hpp">
      <Filter>Header Files</Filter>
    </ClInclude>
    <ClInclude Include="include\xercesc\validators\dtd\DocTypeHandler.hpp">
      <Filter>Header Files</Filter>
    </ClInclude>
    <ClInclude Include="include\xercesc\validators\dtd\DTDAttDef.hpp">
      <Filter>Header Files</Filter>
    </ClInclude>
    <ClInclude Include="include\xercesc\validators\dtd\DTDAttDefList.hpp">
      <Filter>Header Files</Filter>
    </ClInclude>
    <ClInclude Include="include\xercesc\validators\dtd\DTDElementDecl.hpp">
      <Filter>Header Files</Filter>
    </ClInclude>
    <ClInclude Include="include\xercesc\validators\dtd\DTDEntityDecl.hpp">
      <Filter>Header Files</Filter>
    </ClInclude>
    <ClInclude Include="include\xercesc\validators\dtd\DTDGrammar.hpp">
      <Filter>Header Files</Filter>
    </ClInclude>
    <ClInclude Include="include\xercesc\validators\dtd\DTDScanner.hpp">
      <Filter>Header Files</Filter>
    </ClInclude>
    <ClInclude Include="include\xercesc\validators\dtd\DTDValidator.hpp">
      <Filter>Header Files</Filter>
    </ClInclude>
    <ClInclude Include="include\xercesc\validators\dtd\XMLDTDDescriptionImpl.hpp">
      <Filter>Header Files</Filter>
    </ClInclude>
    <ClInclude Include="include\xercesc\validators\schema\ComplexTypeInfo.hpp">
      <Filter>Header Files</Filter>
    </ClInclude>
    <ClInclude Include="include\xercesc\validators\schema\GeneralAttributeCheck.hpp">
      <Filter>Header Files</Filter>
    </ClInclude>
    <ClInclude Include="include\xercesc\validators\schema\NamespaceScope.hpp">
      <Filter>Header Files</Filter>
    </ClInclude>
    <ClInclude Include="include\xercesc\validators\schema\PSVIDefs.hpp">
      <Filter>Header Files</Filter>
    </ClInclude>
    <ClInclude Include="include\xercesc\validators\schema\SchemaAttDef.hpp">
      <Filter>Header Files</Filter>
    </ClInclude>
    <ClInclude Include="include\xercesc\validators\schema\SchemaAttDefList.hpp">
      <Filter>Header Files</Filter>
    </ClInclude>
    <ClInclude Include="include\xercesc\validators\schema\SchemaElementDecl.hpp">
      <Filter>Header Files</Filter>
    </ClInclude>
    <ClInclude Include="include\xercesc\validators\schema\SchemaGrammar.hpp">
      <Filter>Header Files</Filter>
    </ClInclude>
    <ClInclude Include="include\xercesc\validators\schema\SchemaInfo.hpp">
      <Filter>Header Files</Filter>
    </ClInclude>
    <ClInclude Include="include\xercesc\validators\schema\SchemaSymbols.hpp">
      <Filter>Header Files</Filter>
    </ClInclude>
    <ClInclude Include="include\xercesc\validators\schema\SchemaValidator.hpp">
      <Filter>Header Files</Filter>
    </ClInclude>
    <ClInclude Include="include\xercesc\validators\schema\SubstitutionGroupComparator.hpp">
      <Filter>Header Files</Filter>
    </ClInclude>
    <ClInclude Include="include\xercesc\validators\schema\TraverseSchema.hpp">
      <Filter>Header Files</Filter>
    </ClInclude>
    <ClInclude Include="include\xercesc\validators\schema\XercesAttGroupInfo.hpp">
      <Filter>Header Files</Filter>
    </ClInclude>
    <ClInclude Include="include\xercesc\validators\schema\XercesElementWildcard.hpp">
      <Filter>Header Files</Filter>
    </ClInclude>
    <ClInclude Include="include\xercesc\validators\schema\XercesGroupInfo.hpp">
      <Filter>Header Files</Filter>
    </ClInclude>
    <ClInclude Include="include\xercesc\validators\schema\XMLSchemaDescriptionImpl.hpp">
      <Filter>Header Files</Filter>
    </ClInclude>
    <ClInclude Include="include\xercesc\validators\schema\XSDDOMParser.hpp">
      <Filter>Header Files</Filter>
    </ClInclude>
    <ClInclude Include="include\xercesc\validators\schema\XSDErrorReporter.hpp">
      <Filter>Header Files</Filter>
    </ClInclude>
    <ClInclude Include="include\xercesc\validators\schema\XSDLocator.hpp">
      <Filter>Header Files</Filter>
    </ClInclude>
    <ClInclude Include="include\xercesc\validators\schema\XUtil.hpp">
      <Filter>Header Files</Filter>
    </ClInclude>
    <ClInclude Include="include\xercesc\validators\schema\identity\FieldActivator.hpp">
      <Filter>Header Files</Filter>
    </ClInclude>
    <ClInclude Include="include\xercesc\validators\schema\identity\FieldValueMap.hpp">
      <Filter>Header Files</Filter>
    </ClInclude>
    <ClInclude Include="include\xercesc\validators\schema\identity\IC_Field.hpp">
      <Filter>Header Files</Filter>
    </ClInclude>
    <ClInclude Include="include\xercesc\validators\schema\identity\IC_Key.hpp">
      <Filter>Header Files</Filter>
    </ClInclude>
    <ClInclude Include="include\xercesc\validators\schema\identity\IC_KeyRef.hpp">
      <Filter>Header Files</Filter>
    </ClInclude>
    <ClInclude Include="include\xercesc\validators\schema\identity\IC_Selector.hpp">
      <Filter>Header Files</Filter>
    </ClInclude>
    <ClInclude Include="include\xercesc\validators\schema\identity\IC_Unique.hpp">
      <Filter>Header Files</Filter>
    </ClInclude>
    <ClInclude Include="include\xercesc\validators\schema\identity\IdentityConstraint.hpp">
      <Filter>Header Files</Filter>
    </ClInclude>
    <ClInclude Include="include\xercesc\validators\schema\identity\IdentityConstraintHandler.hpp">
      <Filter>Header Files</Filter>
    </ClInclude>
    <ClInclude Include="include\xercesc\validators\schema\identity\ValueStore.hpp">
      <Filter>Header Files</Filter>
    </ClInclude>
    <ClInclude Include="include\xercesc\validators\schema\identity\ValueStoreCache.hpp">
      <Filter>Header Files</Filter>
    </ClInclude>
    <ClInclude Include="include\xercesc\validators\schema\identity\XercesXPath.hpp">
      <Filter>Header Files</Filter>
    </ClInclude>
    <ClInclude Include="include\xercesc\validators\schema\identity\XPathException.hpp">
      <Filter>Header Files</Filter>
    </ClInclude>
    <ClInclude Include="include\xercesc\validators\schema\identity\XPathMatcher.hpp">
      <Filter>Header Files</Filter>
    </ClInclude>
    <ClInclude Include="include\xercesc\validators\schema\identity\XPathMatcherStack.hpp">
      <Filter>Header Files</Filter>
    </ClInclude>
    <ClInclude Include="include\xercesc\validators\schema\identity\XPathSymbols.hpp">
      <Filter>Header Files</Filter>
    </ClInclude>
    <ClInclude Include="include\xercesc\xinclude\XIncludeDOMDocumentProcessor.hpp">
      <Filter>Header Files</Filter>
    </ClInclude>
    <ClInclude Include="include\xercesc\xinclude\XIncludeLocation.hpp">
      <Filter>Header Files</Filter>
    </ClInclude>
    <ClInclude Include="include\xercesc\xinclude\XIncludeUtils.hpp">
      <Filter>Header Files</Filter>
    </ClInclude>
    <ClInclude Include="rule\rule_flow.h">
      <Filter>Header Files</Filter>
    </ClInclude>
  </ItemGroup>
  <ItemGroup>
    <Xsd Include="include\result_xml\sap.xsd">
      <Filter>Header Files</Filter>
    </Xsd>
  </ItemGroup>
  <ItemGroup>
    <ResourceCompile Include="include\result_xml\saptest\sapTest.rc">
      <Filter>Resource Files</Filter>
    </ResourceCompile>
  </ItemGroup>
  <ItemGroup>
    <None Include="htdocs\rob_input.html" />
    <None Include="htdocs\rob_base_info.htm" />
    <None Include="htdocs\rob_input_manul.htm" />
  </ItemGroup>
</Project>