
Microsoft Visual Studio Solution File, Format Version 12.00
# Visual Studio 2012
Project("{8BC9CEB8-8B4A-11D0-8D11-00A0C91BC942}") = "qhelper-dnf2", "qhelper-dnf2.vcxproj", "{6BDF07B7-238D-42F5-8882-051AC2B2D67B}"
EndProject
Global
	GlobalSection(SolutionConfigurationPlatforms) = preSolution
		Debug|Win32 = Debug|Win32
		Release|Win32 = Release|Win32
	EndGlobalSection
	GlobalSection(ProjectConfigurationPlatforms) = postSolution
		{6BDF07B7-238D-42F5-8882-051AC2B2D67B}.Debug|Win32.ActiveCfg = Debug|Win32
		{6BDF07B7-238D-42F5-8882-051AC2B2D67B}.Debug|Win32.Build.0 = Debug|Win32
		{6BDF07B7-238D-42F5-8882-051AC2B2D67B}.Release|Win32.ActiveCfg = Release|Win32
		{6BDF07B7-238D-42F5-8882-051AC2B2D67B}.Release|Win32.Build.0 = Release|Win32
	EndGlobalSection
	GlobalSection(SolutionProperties) = preSolution
		HideSolutionNode = FALSE
	EndGlobalSection
EndGlobal
